PODS:
  - Delayed (2.3.4)
  - Flask (0.0.27):
    - Delayed (> 2.2.2)

DEPENDENCIES:
  - Flask

SPEC REPOS:
  https://github.com/cocoapods/specs.git:
    - Delayed
    - Flask

SPEC CHECKSUMS:
  Delayed: ac2e1b56e9c8cd9c3d1e6de7b92fd09c20fc5270
  Flask: 9f949235cc7c158795f953ddfb25b82cac21f1ae

PODFILE CHECKSUM: 31c75bf3bb601c11439957f4d3b10f6d6429e45e

COCOAPODS: 1.5.3
