PODS:
  - Delayed (2.3.6)
  - Flask (0.0.47):
    - Delayed (> 2.2.2)

DEPENDENCIES:
  - Flask

SPEC REPOS:
  https://github.com/cocoapods/specs.git:
    - Delayed
    - Flask

SPEC CHECKSUMS:
  Delayed: 84ce53e7a16a9fb93fdda058e2a21334a6567645
  Flask: 259456ad7eccf90107b86245f20e2dbbdffd40e6

PODFILE CHECKSUM: 31c75bf3bb601c11439957f4d3b10f6d6429e45e

COCOAPODS: 1.5.3
