// !$*UTF8*$!
{
	archiveVersion = 1;
	classes = {
	};
	objectVersion = 50;
	objects = {

/* Begin PBXBuildFile section */
		0EFF46569D24DB9D22334EEF /* libPods-Reaktor-iOS-Reaktor-iOSTests.a in Frameworks */ = {isa = PBXBuildFile; fileRef = 6529348FC7980F8A5E989DF0 /* libPods-Reaktor-iOS-Reaktor-iOSTests.a */; };
		26A82A662146D783008C8009 /* Reaktor_iOS.framework in Frameworks */ = {isa = PBXBuildFile; fileRef = 26A82A5D2146D783008C8009 /* Reaktor_iOS.framework */; };
		26A82A6B2146D783008C8009 /* Reaktor_iOSTests.swift in Sources */ = {isa = PBXBuildFile; fileRef = 26A82A6A2146D783008C8009 /* Reaktor_iOSTests.swift */; };
		26A82A6D2146D783008C8009 /* Reaktor_iOS.h in Headers */ = {isa = PBXBuildFile; fileRef = 26A82A5F2146D783008C8009 /* Reaktor_iOS.h */; settings = {ATTRIBUTES = (Public, ); }; };
		26A82A9E2146D7A8008C8009 /* Reaktor_macOS.framework in Frameworks */ = {isa = PBXBuildFile; fileRef = 26A82A952146D7A7008C8009 /* Reaktor_macOS.framework */; };
		26A82AA32146D7A8008C8009 /* Reaktor_macOSTests.swift in Sources */ = {isa = PBXBuildFile; fileRef = 26A82AA22146D7A8008C8009 /* Reaktor_macOSTests.swift */; };
		26A82AA52146D7A8008C8009 /* Reaktor_macOS.h in Headers */ = {isa = PBXBuildFile; fileRef = 26A82A972146D7A8008C8009 /* Reaktor_macOS.h */; settings = {ATTRIBUTES = (Public, ); }; };
		26A82ABA2146D7B2008C8009 /* Reaktor_tvOS.framework in Frameworks */ = {isa = PBXBuildFile; fileRef = 26A82AB12146D7B2008C8009 /* Reaktor_tvOS.framework */; };
		26A82ABF2146D7B2008C8009 /* Reaktor_tvOSTests.swift in Sources */ = {isa = PBXBuildFile; fileRef = 26A82ABE2146D7B2008C8009 /* Reaktor_tvOSTests.swift */; };
		26A82AC12146D7B2008C8009 /* Reaktor_tvOS.h in Headers */ = {isa = PBXBuildFile; fileRef = 26A82AB32146D7B2008C8009 /* Reaktor_tvOS.h */; settings = {ATTRIBUTES = (Public, ); }; };
		26D8F7BF21473A92002F7B4F /* FluxChange.swift in Sources */ = {isa = PBXBuildFile; fileRef = 26D8F7AC21473A91002F7B4F /* FluxChange.swift */; };
		26D8F7C021473A92002F7B4F /* FluxChange.swift in Sources */ = {isa = PBXBuildFile; fileRef = 26D8F7AC21473A91002F7B4F /* FluxChange.swift */; };
		26D8F7C121473A92002F7B4F /* FluxChange.swift in Sources */ = {isa = PBXBuildFile; fileRef = 26D8F7AC21473A91002F7B4F /* FluxChange.swift */; };
		26D8F7C221473A92002F7B4F /* FluxChange.swift in Sources */ = {isa = PBXBuildFile; fileRef = 26D8F7AC21473A91002F7B4F /* FluxChange.swift */; };
		26D8F7C321473A92002F7B4F /* FluxChange.swift in Sources */ = {isa = PBXBuildFile; fileRef = 26D8F7AC21473A91002F7B4F /* FluxChange.swift */; };
		26D8F7C421473A92002F7B4F /* FluxChange.swift in Sources */ = {isa = PBXBuildFile; fileRef = 26D8F7AC21473A91002F7B4F /* FluxChange.swift */; };
		26D8F7C521473A92002F7B4F /* FluxReaction.swift in Sources */ = {isa = PBXBuildFile; fileRef = 26D8F7AD21473A91002F7B4F /* FluxReaction.swift */; };
		26D8F7C621473A92002F7B4F /* FluxReaction.swift in Sources */ = {isa = PBXBuildFile; fileRef = 26D8F7AD21473A91002F7B4F /* FluxReaction.swift */; };
		26D8F7C721473A92002F7B4F /* FluxReaction.swift in Sources */ = {isa = PBXBuildFile; fileRef = 26D8F7AD21473A91002F7B4F /* FluxReaction.swift */; };
		26D8F7C821473A92002F7B4F /* FluxReaction.swift in Sources */ = {isa = PBXBuildFile; fileRef = 26D8F7AD21473A91002F7B4F /* FluxReaction.swift */; };
		26D8F7C921473A92002F7B4F /* FluxReaction.swift in Sources */ = {isa = PBXBuildFile; fileRef = 26D8F7AD21473A91002F7B4F /* FluxReaction.swift */; };
		26D8F7CA21473A92002F7B4F /* FluxReaction.swift in Sources */ = {isa = PBXBuildFile; fileRef = 26D8F7AD21473A91002F7B4F /* FluxReaction.swift */; };
		26D8F7CB21473A92002F7B4F /* FluxChain.swift in Sources */ = {isa = PBXBuildFile; fileRef = 26D8F7AF21473A91002F7B4F /* FluxChain.swift */; };
		26D8F7CC21473A92002F7B4F /* FluxChain.swift in Sources */ = {isa = PBXBuildFile; fileRef = 26D8F7AF21473A91002F7B4F /* FluxChain.swift */; };
		26D8F7CD21473A92002F7B4F /* FluxChain.swift in Sources */ = {isa = PBXBuildFile; fileRef = 26D8F7AF21473A91002F7B4F /* FluxChain.swift */; };
		26D8F7CE21473A92002F7B4F /* FluxChain.swift in Sources */ = {isa = PBXBuildFile; fileRef = 26D8F7AF21473A91002F7B4F /* FluxChain.swift */; };
		26D8F7CF21473A92002F7B4F /* FluxChain.swift in Sources */ = {isa = PBXBuildFile; fileRef = 26D8F7AF21473A91002F7B4F /* FluxChain.swift */; };
		26D8F7D021473A92002F7B4F /* FluxChain.swift in Sources */ = {isa = PBXBuildFile; fileRef = 26D8F7AF21473A91002F7B4F /* FluxChain.swift */; };
		26D8F7D121473A92002F7B4F /* FluxManager.swift in Sources */ = {isa = PBXBuildFile; fileRef = 26D8F7B021473A91002F7B4F /* FluxManager.swift */; };
		26D8F7D221473A92002F7B4F /* FluxManager.swift in Sources */ = {isa = PBXBuildFile; fileRef = 26D8F7B021473A91002F7B4F /* FluxManager.swift */; };
		26D8F7D321473A92002F7B4F /* FluxManager.swift in Sources */ = {isa = PBXBuildFile; fileRef = 26D8F7B021473A91002F7B4F /* FluxManager.swift */; };
		26D8F7D421473A92002F7B4F /* FluxManager.swift in Sources */ = {isa = PBXBuildFile; fileRef = 26D8F7B021473A91002F7B4F /* FluxManager.swift */; };
		26D8F7D521473A92002F7B4F /* FluxManager.swift in Sources */ = {isa = PBXBuildFile; fileRef = 26D8F7B021473A91002F7B4F /* FluxManager.swift */; };
		26D8F7D621473A92002F7B4F /* FluxManager.swift in Sources */ = {isa = PBXBuildFile; fileRef = 26D8F7B021473A91002F7B4F /* FluxManager.swift */; };
		26D8F7D721473A92002F7B4F /* Fluxor.swift in Sources */ = {isa = PBXBuildFile; fileRef = 26D8F7B121473A91002F7B4F /* Fluxor.swift */; };
		26D8F7D821473A92002F7B4F /* Fluxor.swift in Sources */ = {isa = PBXBuildFile; fileRef = 26D8F7B121473A91002F7B4F /* Fluxor.swift */; };
		26D8F7D921473A92002F7B4F /* Fluxor.swift in Sources */ = {isa = PBXBuildFile; fileRef = 26D8F7B121473A91002F7B4F /* Fluxor.swift */; };
		26D8F7DA21473A92002F7B4F /* Fluxor.swift in Sources */ = {isa = PBXBuildFile; fileRef = 26D8F7B121473A91002F7B4F /* Fluxor.swift */; };
		26D8F7DB21473A92002F7B4F /* Fluxor.swift in Sources */ = {isa = PBXBuildFile; fileRef = 26D8F7B121473A91002F7B4F /* Fluxor.swift */; };
		26D8F7DC21473A92002F7B4F /* Fluxor.swift in Sources */ = {isa = PBXBuildFile; fileRef = 26D8F7B121473A91002F7B4F /* Fluxor.swift */; };
		26D8F7DD21473A92002F7B4F /* FluxState.swift in Sources */ = {isa = PBXBuildFile; fileRef = 26D8F7B321473A91002F7B4F /* FluxState.swift */; };
		26D8F7DE21473A92002F7B4F /* FluxState.swift in Sources */ = {isa = PBXBuildFile; fileRef = 26D8F7B321473A91002F7B4F /* FluxState.swift */; };
		26D8F7DF21473A92002F7B4F /* FluxState.swift in Sources */ = {isa = PBXBuildFile; fileRef = 26D8F7B321473A91002F7B4F /* FluxState.swift */; };
		26D8F7E021473A92002F7B4F /* FluxState.swift in Sources */ = {isa = PBXBuildFile; fileRef = 26D8F7B321473A91002F7B4F /* FluxState.swift */; };
		26D8F7E121473A92002F7B4F /* FluxState.swift in Sources */ = {isa = PBXBuildFile; fileRef = 26D8F7B321473A91002F7B4F /* FluxState.swift */; };
		26D8F7E221473A92002F7B4F /* FluxState.swift in Sources */ = {isa = PBXBuildFile; fileRef = 26D8F7B321473A91002F7B4F /* FluxState.swift */; };
		26D8F7E321473A92002F7B4F /* FluxArchiver.swift in Sources */ = {isa = PBXBuildFile; fileRef = 26D8F7B421473A91002F7B4F /* FluxArchiver.swift */; };
		26D8F7E421473A92002F7B4F /* FluxArchiver.swift in Sources */ = {isa = PBXBuildFile; fileRef = 26D8F7B421473A91002F7B4F /* FluxArchiver.swift */; };
		26D8F7E521473A92002F7B4F /* FluxArchiver.swift in Sources */ = {isa = PBXBuildFile; fileRef = 26D8F7B421473A91002F7B4F /* FluxArchiver.swift */; };
		26D8F7E621473A92002F7B4F /* FluxArchiver.swift in Sources */ = {isa = PBXBuildFile; fileRef = 26D8F7B421473A91002F7B4F /* FluxArchiver.swift */; };
		26D8F7E721473A92002F7B4F /* FluxArchiver.swift in Sources */ = {isa = PBXBuildFile; fileRef = 26D8F7B421473A91002F7B4F /* FluxArchiver.swift */; };
		26D8F7E821473A92002F7B4F /* FluxArchiver.swift in Sources */ = {isa = PBXBuildFile; fileRef = 26D8F7B421473A91002F7B4F /* FluxArchiver.swift */; };
		26D8F7E921473A92002F7B4F /* FluxStore.swift in Sources */ = {isa = PBXBuildFile; fileRef = 26D8F7B521473A91002F7B4F /* FluxStore.swift */; };
		26D8F7EA21473A92002F7B4F /* FluxStore.swift in Sources */ = {isa = PBXBuildFile; fileRef = 26D8F7B521473A91002F7B4F /* FluxStore.swift */; };
		26D8F7EB21473A92002F7B4F /* FluxStore.swift in Sources */ = {isa = PBXBuildFile; fileRef = 26D8F7B521473A91002F7B4F /* FluxStore.swift */; };
		26D8F7EC21473A92002F7B4F /* FluxStore.swift in Sources */ = {isa = PBXBuildFile; fileRef = 26D8F7B521473A91002F7B4F /* FluxStore.swift */; };
		26D8F7ED21473A92002F7B4F /* FluxStore.swift in Sources */ = {isa = PBXBuildFile; fileRef = 26D8F7B521473A91002F7B4F /* FluxStore.swift */; };
		26D8F7EE21473A92002F7B4F /* FluxStore.swift in Sources */ = {isa = PBXBuildFile; fileRef = 26D8F7B521473A91002F7B4F /* FluxStore.swift */; };
		26D8F7EF21473A92002F7B4F /* FluxDispatcher.swift in Sources */ = {isa = PBXBuildFile; fileRef = 26D8F7B721473A91002F7B4F /* FluxDispatcher.swift */; };
		26D8F7F021473A92002F7B4F /* FluxDispatcher.swift in Sources */ = {isa = PBXBuildFile; fileRef = 26D8F7B721473A91002F7B4F /* FluxDispatcher.swift */; };
		26D8F7F121473A92002F7B4F /* FluxDispatcher.swift in Sources */ = {isa = PBXBuildFile; fileRef = 26D8F7B721473A91002F7B4F /* FluxDispatcher.swift */; };
		26D8F7F221473A92002F7B4F /* FluxDispatcher.swift in Sources */ = {isa = PBXBuildFile; fileRef = 26D8F7B721473A91002F7B4F /* FluxDispatcher.swift */; };
		26D8F7F321473A92002F7B4F /* FluxDispatcher.swift in Sources */ = {isa = PBXBuildFile; fileRef = 26D8F7B721473A91002F7B4F /* FluxDispatcher.swift */; };
		26D8F7F421473A92002F7B4F /* FluxDispatcher.swift in Sources */ = {isa = PBXBuildFile; fileRef = 26D8F7B721473A91002F7B4F /* FluxDispatcher.swift */; };
		26D8F7F521473A92002F7B4F /* FluxLock.swift in Sources */ = {isa = PBXBuildFile; fileRef = 26D8F7B821473A91002F7B4F /* FluxLock.swift */; };
		26D8F7F621473A92002F7B4F /* FluxLock.swift in Sources */ = {isa = PBXBuildFile; fileRef = 26D8F7B821473A91002F7B4F /* FluxLock.swift */; };
		26D8F7F721473A92002F7B4F /* FluxLock.swift in Sources */ = {isa = PBXBuildFile; fileRef = 26D8F7B821473A91002F7B4F /* FluxLock.swift */; };
		26D8F7F821473A92002F7B4F /* FluxLock.swift in Sources */ = {isa = PBXBuildFile; fileRef = 26D8F7B821473A91002F7B4F /* FluxLock.swift */; };
		26D8F7F921473A92002F7B4F /* FluxLock.swift in Sources */ = {isa = PBXBuildFile; fileRef = 26D8F7B821473A91002F7B4F /* FluxLock.swift */; };
		26D8F7FA21473A92002F7B4F /* FluxLock.swift in Sources */ = {isa = PBXBuildFile; fileRef = 26D8F7B821473A91002F7B4F /* FluxLock.swift */; };
		26D8F7FB21473A92002F7B4F /* FluxPublic.swift in Sources */ = {isa = PBXBuildFile; fileRef = 26D8F7B921473A92002F7B4F /* FluxPublic.swift */; };
		26D8F7FC21473A92002F7B4F /* FluxPublic.swift in Sources */ = {isa = PBXBuildFile; fileRef = 26D8F7B921473A92002F7B4F /* FluxPublic.swift */; };
		26D8F7FD21473A92002F7B4F /* FluxPublic.swift in Sources */ = {isa = PBXBuildFile; fileRef = 26D8F7B921473A92002F7B4F /* FluxPublic.swift */; };
		26D8F7FE21473A92002F7B4F /* FluxPublic.swift in Sources */ = {isa = PBXBuildFile; fileRef = 26D8F7B921473A92002F7B4F /* FluxPublic.swift */; };
		26D8F7FF21473A92002F7B4F /* FluxPublic.swift in Sources */ = {isa = PBXBuildFile; fileRef = 26D8F7B921473A92002F7B4F /* FluxPublic.swift */; };
		26D8F80021473A92002F7B4F /* FluxPublic.swift in Sources */ = {isa = PBXBuildFile; fileRef = 26D8F7B921473A92002F7B4F /* FluxPublic.swift */; };
		26D8F80121473A92002F7B4F /* FluxHelpers.swift in Sources */ = {isa = PBXBuildFile; fileRef = 26D8F7BA21473A92002F7B4F /* FluxHelpers.swift */; };
		26D8F80221473A92002F7B4F /* FluxHelpers.swift in Sources */ = {isa = PBXBuildFile; fileRef = 26D8F7BA21473A92002F7B4F /* FluxHelpers.swift */; };
		26D8F80321473A92002F7B4F /* FluxHelpers.swift in Sources */ = {isa = PBXBuildFile; fileRef = 26D8F7BA21473A92002F7B4F /* FluxHelpers.swift */; };
		26D8F80421473A92002F7B4F /* FluxHelpers.swift in Sources */ = {isa = PBXBuildFile; fileRef = 26D8F7BA21473A92002F7B4F /* FluxHelpers.swift */; };
		26D8F80521473A92002F7B4F /* FluxHelpers.swift in Sources */ = {isa = PBXBuildFile; fileRef = 26D8F7BA21473A92002F7B4F /* FluxHelpers.swift */; };
		26D8F80621473A92002F7B4F /* FluxHelpers.swift in Sources */ = {isa = PBXBuildFile; fileRef = 26D8F7BA21473A92002F7B4F /* FluxHelpers.swift */; };
		26D8F80721473A92002F7B4F /* FluxDictionary.swift in Sources */ = {isa = PBXBuildFile; fileRef = 26D8F7BC21473A92002F7B4F /* FluxDictionary.swift */; };
		26D8F80821473A92002F7B4F /* FluxDictionary.swift in Sources */ = {isa = PBXBuildFile; fileRef = 26D8F7BC21473A92002F7B4F /* FluxDictionary.swift */; };
		26D8F80921473A92002F7B4F /* FluxDictionary.swift in Sources */ = {isa = PBXBuildFile; fileRef = 26D8F7BC21473A92002F7B4F /* FluxDictionary.swift */; };
		26D8F80A21473A92002F7B4F /* FluxDictionary.swift in Sources */ = {isa = PBXBuildFile; fileRef = 26D8F7BC21473A92002F7B4F /* FluxDictionary.swift */; };
		26D8F80B21473A92002F7B4F /* FluxDictionary.swift in Sources */ = {isa = PBXBuildFile; fileRef = 26D8F7BC21473A92002F7B4F /* FluxDictionary.swift */; };
		26D8F80C21473A92002F7B4F /* FluxDictionary.swift in Sources */ = {isa = PBXBuildFile; fileRef = 26D8F7BC21473A92002F7B4F /* FluxDictionary.swift */; };
		26D8F80D21473A92002F7B4F /* FluxNSObjects.swift in Sources */ = {isa = PBXBuildFile; fileRef = 26D8F7BD21473A92002F7B4F /* FluxNSObjects.swift */; };
		26D8F80E21473A92002F7B4F /* FluxNSObjects.swift in Sources */ = {isa = PBXBuildFile; fileRef = 26D8F7BD21473A92002F7B4F /* FluxNSObjects.swift */; };
		26D8F80F21473A92002F7B4F /* FluxNSObjects.swift in Sources */ = {isa = PBXBuildFile; fileRef = 26D8F7BD21473A92002F7B4F /* FluxNSObjects.swift */; };
		26D8F81021473A92002F7B4F /* FluxNSObjects.swift in Sources */ = {isa = PBXBuildFile; fileRef = 26D8F7BD21473A92002F7B4F /* FluxNSObjects.swift */; };
		26D8F81121473A92002F7B4F /* FluxNSObjects.swift in Sources */ = {isa = PBXBuildFile; fileRef = 26D8F7BD21473A92002F7B4F /* FluxNSObjects.swift */; };
		26D8F81221473A92002F7B4F /* FluxNSObjects.swift in Sources */ = {isa = PBXBuildFile; fileRef = 26D8F7BD21473A92002F7B4F /* FluxNSObjects.swift */; };
		26D8F81321473A92002F7B4F /* FluxRef.swift in Sources */ = {isa = PBXBuildFile; fileRef = 26D8F7BE21473A92002F7B4F /* FluxRef.swift */; };
		26D8F81421473A92002F7B4F /* FluxRef.swift in Sources */ = {isa = PBXBuildFile; fileRef = 26D8F7BE21473A92002F7B4F /* FluxRef.swift */; };
		26D8F81521473A92002F7B4F /* FluxRef.swift in Sources */ = {isa = PBXBuildFile; fileRef = 26D8F7BE21473A92002F7B4F /* FluxRef.swift */; };
		26D8F81621473A92002F7B4F /* FluxRef.swift in Sources */ = {isa = PBXBuildFile; fileRef = 26D8F7BE21473A92002F7B4F /* FluxRef.swift */; };
		26D8F81721473A92002F7B4F /* FluxRef.swift in Sources */ = {isa = PBXBuildFile; fileRef = 26D8F7BE21473A92002F7B4F /* FluxRef.swift */; };
		26D8F81821473A92002F7B4F /* FluxRef.swift in Sources */ = {isa = PBXBuildFile; fileRef = 26D8F7BE21473A92002F7B4F /* FluxRef.swift */; };
		26D8F82A21473A9D002F7B4F /* ReducerTests.swift in Sources */ = {isa = PBXBuildFile; fileRef = 26D8F81A21473A9D002F7B4F /* ReducerTests.swift */; };
		26D8F82B21473A9D002F7B4F /* ReducerTests.swift in Sources */ = {isa = PBXBuildFile; fileRef = 26D8F81A21473A9D002F7B4F /* ReducerTests.swift */; };
		26D8F82C21473A9D002F7B4F /* ReducerTests.swift in Sources */ = {isa = PBXBuildFile; fileRef = 26D8F81A21473A9D002F7B4F /* ReducerTests.swift */; };
		26D8F82D21473A9D002F7B4F /* SerializationTests.swift in Sources */ = {isa = PBXBuildFile; fileRef = 26D8F81B21473A9D002F7B4F /* SerializationTests.swift */; };
		26D8F82E21473A9D002F7B4F /* SerializationTests.swift in Sources */ = {isa = PBXBuildFile; fileRef = 26D8F81B21473A9D002F7B4F /* SerializationTests.swift */; };
		26D8F82F21473A9D002F7B4F /* SerializationTests.swift in Sources */ = {isa = PBXBuildFile; fileRef = 26D8F81B21473A9D002F7B4F /* SerializationTests.swift */; };
		26D8F83021473A9D002F7B4F /* DictionaryTests.swift in Sources */ = {isa = PBXBuildFile; fileRef = 26D8F81C21473A9D002F7B4F /* DictionaryTests.swift */; };
		26D8F83121473A9D002F7B4F /* DictionaryTests.swift in Sources */ = {isa = PBXBuildFile; fileRef = 26D8F81C21473A9D002F7B4F /* DictionaryTests.swift */; };
		26D8F83221473A9D002F7B4F /* DictionaryTests.swift in Sources */ = {isa = PBXBuildFile; fileRef = 26D8F81C21473A9D002F7B4F /* DictionaryTests.swift */; };
		26D8F83321473A9D002F7B4F /* KronTests.swift in Sources */ = {isa = PBXBuildFile; fileRef = 26D8F81D21473A9D002F7B4F /* KronTests.swift */; };
		26D8F83421473A9D002F7B4F /* KronTests.swift in Sources */ = {isa = PBXBuildFile; fileRef = 26D8F81D21473A9D002F7B4F /* KronTests.swift */; };
		26D8F83521473A9D002F7B4F /* KronTests.swift in Sources */ = {isa = PBXBuildFile; fileRef = 26D8F81D21473A9D002F7B4F /* KronTests.swift */; };
		26D8F83621473A9D002F7B4F /* ArchivingTests.swift in Sources */ = {isa = PBXBuildFile; fileRef = 26D8F81F21473A9D002F7B4F /* ArchivingTests.swift */; };
		26D8F83721473A9D002F7B4F /* ArchivingTests.swift in Sources */ = {isa = PBXBuildFile; fileRef = 26D8F81F21473A9D002F7B4F /* ArchivingTests.swift */; };
		26D8F83821473A9D002F7B4F /* ArchivingTests.swift in Sources */ = {isa = PBXBuildFile; fileRef = 26D8F81F21473A9D002F7B4F /* ArchivingTests.swift */; };
		26D8F83921473A9D002F7B4F /* FluxTests.swift in Sources */ = {isa = PBXBuildFile; fileRef = 26D8F82021473A9D002F7B4F /* FluxTests.swift */; };
		26D8F83A21473A9D002F7B4F /* FluxTests.swift in Sources */ = {isa = PBXBuildFile; fileRef = 26D8F82021473A9D002F7B4F /* FluxTests.swift */; };
		26D8F83B21473A9D002F7B4F /* FluxTests.swift in Sources */ = {isa = PBXBuildFile; fileRef = 26D8F82021473A9D002F7B4F /* FluxTests.swift */; };
		26D8F83C21473A9D002F7B4F /* ChainTests.swift in Sources */ = {isa = PBXBuildFile; fileRef = 26D8F82121473A9D002F7B4F /* ChainTests.swift */; };
		26D8F83D21473A9D002F7B4F /* ChainTests.swift in Sources */ = {isa = PBXBuildFile; fileRef = 26D8F82121473A9D002F7B4F /* ChainTests.swift */; };
		26D8F83E21473A9D002F7B4F /* ChainTests.swift in Sources */ = {isa = PBXBuildFile; fileRef = 26D8F82121473A9D002F7B4F /* ChainTests.swift */; };
		26D8F83F21473A9D002F7B4F /* NestingTests.swift in Sources */ = {isa = PBXBuildFile; fileRef = 26D8F82221473A9D002F7B4F /* NestingTests.swift */; };
		26D8F84021473A9D002F7B4F /* NestingTests.swift in Sources */ = {isa = PBXBuildFile; fileRef = 26D8F82221473A9D002F7B4F /* NestingTests.swift */; };
		26D8F84121473A9D002F7B4F /* NestingTests.swift in Sources */ = {isa = PBXBuildFile; fileRef = 26D8F82221473A9D002F7B4F /* NestingTests.swift */; };
		26D8F84221473A9D002F7B4F /* LockTests.swift in Sources */ = {isa = PBXBuildFile; fileRef = 26D8F82421473A9D002F7B4F /* LockTests.swift */; };
		26D8F84321473A9D002F7B4F /* LockTests.swift in Sources */ = {isa = PBXBuildFile; fileRef = 26D8F82421473A9D002F7B4F /* LockTests.swift */; };
		26D8F84421473A9D002F7B4F /* LockTests.swift in Sources */ = {isa = PBXBuildFile; fileRef = 26D8F82421473A9D002F7B4F /* LockTests.swift */; };
		26D8F84521473A9D002F7B4F /* TestStore.swift in Sources */ = {isa = PBXBuildFile; fileRef = 26D8F82621473A9D002F7B4F /* TestStore.swift */; };
		26D8F84621473A9D002F7B4F /* TestStore.swift in Sources */ = {isa = PBXBuildFile; fileRef = 26D8F82621473A9D002F7B4F /* TestStore.swift */; };
		26D8F84721473A9D002F7B4F /* TestStore.swift in Sources */ = {isa = PBXBuildFile; fileRef = 26D8F82621473A9D002F7B4F /* TestStore.swift */; };
		26D8F84821473A9D002F7B4F /* Stores.swift in Sources */ = {isa = PBXBuildFile; fileRef = 26D8F82721473A9D002F7B4F /* Stores.swift */; };
		26D8F84921473A9D002F7B4F /* Stores.swift in Sources */ = {isa = PBXBuildFile; fileRef = 26D8F82721473A9D002F7B4F /* Stores.swift */; };
		26D8F84A21473A9D002F7B4F /* Stores.swift in Sources */ = {isa = PBXBuildFile; fileRef = 26D8F82721473A9D002F7B4F /* Stores.swift */; };
		26D8F84B21473A9D002F7B4F /* TestOwner.swift in Sources */ = {isa = PBXBuildFile; fileRef = 26D8F82821473A9D002F7B4F /* TestOwner.swift */; };
		26D8F84C21473A9D002F7B4F /* TestOwner.swift in Sources */ = {isa = PBXBuildFile; fileRef = 26D8F82821473A9D002F7B4F /* TestOwner.swift */; };
		26D8F84D21473A9D002F7B4F /* TestOwner.swift in Sources */ = {isa = PBXBuildFile; fileRef = 26D8F82821473A9D002F7B4F /* TestOwner.swift */; };
		26D8F84E21473A9D002F7B4F /* SetupTests.swift in Sources */ = {isa = PBXBuildFile; fileRef = 26D8F82921473A9D002F7B4F /* SetupTests.swift */; };
		26D8F84F21473A9D002F7B4F /* SetupTests.swift in Sources */ = {isa = PBXBuildFile; fileRef = 26D8F82921473A9D002F7B4F /* SetupTests.swift */; };
		26D8F85021473A9D002F7B4F /* SetupTests.swift in Sources */ = {isa = PBXBuildFile; fileRef = 26D8F82921473A9D002F7B4F /* SetupTests.swift */; };
		26D8F85221474454002F7B4F /* FluxSerializer.swift in Sources */ = {isa = PBXBuildFile; fileRef = 26D8F85121474454002F7B4F /* FluxSerializer.swift */; };
		26D8F85321474454002F7B4F /* FluxSerializer.swift in Sources */ = {isa = PBXBuildFile; fileRef = 26D8F85121474454002F7B4F /* FluxSerializer.swift */; };
		26D8F85421474454002F7B4F /* FluxSerializer.swift in Sources */ = {isa = PBXBuildFile; fileRef = 26D8F85121474454002F7B4F /* FluxSerializer.swift */; };
		26D8F85521474454002F7B4F /* FluxSerializer.swift in Sources */ = {isa = PBXBuildFile; fileRef = 26D8F85121474454002F7B4F /* FluxSerializer.swift */; };
		26D8F85621474454002F7B4F /* FluxSerializer.swift in Sources */ = {isa = PBXBuildFile; fileRef = 26D8F85121474454002F7B4F /* FluxSerializer.swift */; };
		26D8F85721474454002F7B4F /* FluxSerializer.swift in Sources */ = {isa = PBXBuildFile; fileRef = 26D8F85121474454002F7B4F /* FluxSerializer.swift */; };
		3595CABE7D286B72BFA3840E /* Pods_Reaktor_macOSTests.framework in Frameworks */ = {isa = PBXBuildFile; fileRef = 1ED39F5CA53DD5E45FF3988C /* Pods_Reaktor_macOSTests.framework */; };
		49B01758B32A87D4F2F7098C /* Pods_Reaktor_tvOSTests.framework in Frameworks */ = {isa = PBXBuildFile; fileRef = C54000D406E19649E8976133 /* Pods_Reaktor_tvOSTests.framework */; };
		553D1E7B592EB9628035CAD6 /* Pods_Reaktor_iOSTests.framework in Frameworks */ = {isa = PBXBuildFile; fileRef = 695BE95F3E3D5381B029DD22 /* Pods_Reaktor_iOSTests.framework */; };
		64546CC0CE0279796BADBFF2 /* Pods_Reaktor_tvOS.framework in Frameworks */ = {isa = PBXBuildFile; fileRef = 56B9FA86C8DFEE750F1FDD67 /* Pods_Reaktor_tvOS.framework */; };
		88DB8E24BE9025C14ED61449 /* Pods_Reaktor_macOS.framework in Frameworks */ = {isa = PBXBuildFile; fileRef = 88917E1F608AFE1E56480E6F /* Pods_Reaktor_macOS.framework */; };
		AA2D1327DF75E3DBD1E3D61C /* libPods-Reaktor-macOS-Reaktor-macOSTests.a in Frameworks */ = {isa = PBXBuildFile; fileRef = 90ED7E2C99449BF00BF8C4B8 /* libPods-Reaktor-macOS-Reaktor-macOSTests.a */; };
		E4E6EB50E577F6DFD06E25BC /* Pods_Reaktor_iOS.framework in Frameworks */ = {isa = PBXBuildFile; fileRef = 1853B0440831D5B76080A717 /* Pods_Reaktor_iOS.framework */; };
		FA015FA9018B6DCF7A083994 /* libPods-Reaktor-tvOS-Reaktor-tvOSTests.a in Frameworks */ = {isa = PBXBuildFile; fileRef = 22AE2344475AD3B4DD6D11EC /* libPods-Reaktor-tvOS-Reaktor-tvOSTests.a */; };
/* End PBXBuildFile section */

/* Begin PBXContainerItemProxy section */
		26A82A672146D783008C8009 /* PBXContainerItemProxy */ = {
			isa = PBXContainerItemProxy;
			containerPortal = 26A82A352146D769008C8009 /* Project object */;
			proxyType = 1;
			remoteGlobalIDString = 26A82A5C2146D783008C8009;
			remoteInfo = "Reaktor-iOS";
		};
		26A82A9F2146D7A8008C8009 /* PBXContainerItemProxy */ = {
			isa = PBXContainerItemProxy;
			containerPortal = 26A82A352146D769008C8009 /* Project object */;
			proxyType = 1;
			remoteGlobalIDString = 26A82A942146D7A7008C8009;
			remoteInfo = "Reaktor-macOS";
		};
		26A82ABB2146D7B2008C8009 /* PBXContainerItemProxy */ = {
			isa = PBXContainerItemProxy;
			containerPortal = 26A82A352146D769008C8009 /* Project object */;
			proxyType = 1;
			remoteGlobalIDString = 26A82AB02146D7B2008C8009;
			remoteInfo = "Reaktor-tvOS";
		};
/* End PBXContainerItemProxy section */

/* Begin PBXFileReference section */
		075CD6D047CF6A418EAF8396 /* Pods-Reaktor-tvOS-Reaktor-tvOSTests.debug.xcconfig */ = {isa = PBXFileReference; includeInIndex = 1; lastKnownFileType = text.xcconfig; name = "Pods-Reaktor-tvOS-Reaktor-tvOSTests.debug.xcconfig"; path = "Pods/Target Support Files/Pods-Reaktor-tvOS-Reaktor-tvOSTests/Pods-Reaktor-tvOS-Reaktor-tvOSTests.debug.xcconfig"; sourceTree = "<group>"; };
		0A3CB9BE7C8696AC195D5C19 /* Pods-Reaktor-iOSTests.release.xcconfig */ = {isa = PBXFileReference; includeInIndex = 1; lastKnownFileType = text.xcconfig; name = "Pods-Reaktor-iOSTests.release.xcconfig"; path = "Pods/Target Support Files/Pods-Reaktor-iOSTests/Pods-Reaktor-iOSTests.release.xcconfig"; sourceTree = "<group>"; };
		0C274EFCF73179B943CD3EA2 /* Pods-Reaktor-iOSTests.debug.xcconfig */ = {isa = PBXFileReference; includeInIndex = 1; lastKnownFileType = text.xcconfig; name = "Pods-Reaktor-iOSTests.debug.xcconfig"; path = "Pods/Target Support Files/Pods-Reaktor-iOSTests/Pods-Reaktor-iOSTests.debug.xcconfig"; sourceTree = "<group>"; };
		1853B0440831D5B76080A717 /* Pods_Reaktor_iOS.framework */ = {isa = PBXFileReference; explicitFileType = wrapper.framework; includeInIndex = 0; path = Pods_Reaktor_iOS.framework; sourceTree = BUILT_PRODUCTS_DIR; };
		1ED39F5CA53DD5E45FF3988C /* Pods_Reaktor_macOSTests.framework */ = {isa = PBXFileReference; explicitFileType = wrapper.framework; includeInIndex = 0; path = Pods_Reaktor_macOSTests.framework; sourceTree = BUILT_PRODUCTS_DIR; };
		22AE2344475AD3B4DD6D11EC /* libPods-Reaktor-tvOS-Reaktor-tvOSTests.a */ = {isa = PBXFileReference; explicitFileType = archive.ar; includeInIndex = 0; path = "libPods-Reaktor-tvOS-Reaktor-tvOSTests.a"; sourceTree = BUILT_PRODUCTS_DIR; };
		26A82A5D2146D783008C8009 /* Reaktor_iOS.framework */ = {isa = PBXFileReference; explicitFileType = wrapper.framework; includeInIndex = 0; path = Reaktor_iOS.framework; sourceTree = BUILT_PRODUCTS_DIR; };
		26A82A5F2146D783008C8009 /* Reaktor_iOS.h */ = {isa = PBXFileReference; lastKnownFileType = sourcecode.c.h; path = Reaktor_iOS.h; sourceTree = "<group>"; };
		26A82A602146D783008C8009 /* Info.plist */ = {isa = PBXFileReference; lastKnownFileType = text.plist.xml; path = Info.plist; sourceTree = "<group>"; };
		26A82A652146D783008C8009 /* Reaktor-iOSTests.xctest */ = {isa = PBXFileReference; explicitFileType = wrapper.cfbundle; includeInIndex = 0; path = "Reaktor-iOSTests.xctest"; sourceTree = BUILT_PRODUCTS_DIR; };
		26A82A6A2146D783008C8009 /* Reaktor_iOSTests.swift */ = {isa = PBXFileReference; lastKnownFileType = sourcecode.swift; path = Reaktor_iOSTests.swift; sourceTree = "<group>"; };
		26A82A6C2146D783008C8009 /* Info.plist */ = {isa = PBXFileReference; lastKnownFileType = text.plist.xml; path = Info.plist; sourceTree = "<group>"; };
		26A82A952146D7A7008C8009 /* Reaktor_macOS.framework */ = {isa = PBXFileReference; explicitFileType = wrapper.framework; includeInIndex = 0; path = Reaktor_macOS.framework; sourceTree = BUILT_PRODUCTS_DIR; };
		26A82A972146D7A8008C8009 /* Reaktor_macOS.h */ = {isa = PBXFileReference; lastKnownFileType = sourcecode.c.h; path = Reaktor_macOS.h; sourceTree = "<group>"; };
		26A82A982146D7A8008C8009 /* Info.plist */ = {isa = PBXFileReference; lastKnownFileType = text.plist.xml; path = Info.plist; sourceTree = "<group>"; };
		26A82A9D2146D7A8008C8009 /* Reaktor-macOSTests.xctest */ = {isa = PBXFileReference; explicitFileType = wrapper.cfbundle; includeInIndex = 0; path = "Reaktor-macOSTests.xctest"; sourceTree = BUILT_PRODUCTS_DIR; };
		26A82AA22146D7A8008C8009 /* Reaktor_macOSTests.swift */ = {isa = PBXFileReference; lastKnownFileType = sourcecode.swift; path = Reaktor_macOSTests.swift; sourceTree = "<group>"; };
		26A82AA42146D7A8008C8009 /* Info.plist */ = {isa = PBXFileReference; lastKnownFileType = text.plist.xml; path = Info.plist; sourceTree = "<group>"; };
		26A82AB12146D7B2008C8009 /* Reaktor_tvOS.framework */ = {isa = PBXFileReference; explicitFileType = wrapper.framework; includeInIndex = 0; path = Reaktor_tvOS.framework; sourceTree = BUILT_PRODUCTS_DIR; };
		26A82AB32146D7B2008C8009 /* Reaktor_tvOS.h */ = {isa = PBXFileReference; lastKnownFileType = sourcecode.c.h; path = Reaktor_tvOS.h; sourceTree = "<group>"; };
		26A82AB42146D7B2008C8009 /* Info.plist */ = {isa = PBXFileReference; lastKnownFileType = text.plist.xml; path = Info.plist; sourceTree = "<group>"; };
		26A82AB92146D7B2008C8009 /* Reaktor-tvOSTests.xctest */ = {isa = PBXFileReference; explicitFileType = wrapper.cfbundle; includeInIndex = 0; path = "Reaktor-tvOSTests.xctest"; sourceTree = BUILT_PRODUCTS_DIR; };
		26A82ABE2146D7B2008C8009 /* Reaktor_tvOSTests.swift */ = {isa = PBXFileReference; lastKnownFileType = sourcecode.swift; path = Reaktor_tvOSTests.swift; sourceTree = "<group>"; };
		26A82AC02146D7B2008C8009 /* Info.plist */ = {isa = PBXFileReference; lastKnownFileType = text.plist.xml; path = Info.plist; sourceTree = "<group>"; };
		26D8F7AC21473A91002F7B4F /* FluxChange.swift */ = {isa = PBXFileReference; fileEncoding = 4; lastKnownFileType = sourcecode.swift; path = FluxChange.swift; sourceTree = "<group>"; };
		26D8F7AD21473A91002F7B4F /* FluxReaction.swift */ = {isa = PBXFileReference; fileEncoding = 4; lastKnownFileType = sourcecode.swift; path = FluxReaction.swift; sourceTree = "<group>"; };
		26D8F7AF21473A91002F7B4F /* FluxChain.swift */ = {isa = PBXFileReference; fileEncoding = 4; lastKnownFileType = sourcecode.swift; path = FluxChain.swift; sourceTree = "<group>"; };
		26D8F7B021473A91002F7B4F /* FluxManager.swift */ = {isa = PBXFileReference; fileEncoding = 4; lastKnownFileType = sourcecode.swift; path = FluxManager.swift; sourceTree = "<group>"; };
		26D8F7B121473A91002F7B4F /* Fluxor.swift */ = {isa = PBXFileReference; fileEncoding = 4; lastKnownFileType = sourcecode.swift; path = Fluxor.swift; sourceTree = "<group>"; };
		26D8F7B321473A91002F7B4F /* FluxState.swift */ = {isa = PBXFileReference; fileEncoding = 4; lastKnownFileType = sourcecode.swift; path = FluxState.swift; sourceTree = "<group>"; };
		26D8F7B421473A91002F7B4F /* FluxArchiver.swift */ = {isa = PBXFileReference; fileEncoding = 4; lastKnownFileType = sourcecode.swift; path = FluxArchiver.swift; sourceTree = "<group>"; };
		26D8F7B521473A91002F7B4F /* FluxStore.swift */ = {isa = PBXFileReference; fileEncoding = 4; lastKnownFileType = sourcecode.swift; path = FluxStore.swift; sourceTree = "<group>"; };
		26D8F7B721473A91002F7B4F /* FluxDispatcher.swift */ = {isa = PBXFileReference; fileEncoding = 4; lastKnownFileType = sourcecode.swift; path = FluxDispatcher.swift; sourceTree = "<group>"; };
		26D8F7B821473A91002F7B4F /* FluxLock.swift */ = {isa = PBXFileReference; fileEncoding = 4; lastKnownFileType = sourcecode.swift; path = FluxLock.swift; sourceTree = "<group>"; };
		26D8F7B921473A92002F7B4F /* FluxPublic.swift */ = {isa = PBXFileReference; fileEncoding = 4; lastKnownFileType = sourcecode.swift; path = FluxPublic.swift; sourceTree = "<group>"; };
		26D8F7BA21473A92002F7B4F /* FluxHelpers.swift */ = {isa = PBXFileReference; fileEncoding = 4; lastKnownFileType = sourcecode.swift; path = FluxHelpers.swift; sourceTree = "<group>"; };
		26D8F7BC21473A92002F7B4F /* FluxDictionary.swift */ = {isa = PBXFileReference; fileEncoding = 4; lastKnownFileType = sourcecode.swift; path = FluxDictionary.swift; sourceTree = "<group>"; };
		26D8F7BD21473A92002F7B4F /* FluxNSObjects.swift */ = {isa = PBXFileReference; fileEncoding = 4; lastKnownFileType = sourcecode.swift; path = FluxNSObjects.swift; sourceTree = "<group>"; };
		26D8F7BE21473A92002F7B4F /* FluxRef.swift */ = {isa = PBXFileReference; fileEncoding = 4; lastKnownFileType = sourcecode.swift; path = FluxRef.swift; sourceTree = "<group>"; };
		26D8F81A21473A9D002F7B4F /* ReducerTests.swift */ = {isa = PBXFileReference; fileEncoding = 4; lastKnownFileType = sourcecode.swift; path = ReducerTests.swift; sourceTree = "<group>"; };
		26D8F81B21473A9D002F7B4F /* SerializationTests.swift */ = {isa = PBXFileReference; fileEncoding = 4; lastKnownFileType = sourcecode.swift; path = SerializationTests.swift; sourceTree = "<group>"; };
		26D8F81C21473A9D002F7B4F /* DictionaryTests.swift */ = {isa = PBXFileReference; fileEncoding = 4; lastKnownFileType = sourcecode.swift; path = DictionaryTests.swift; sourceTree = "<group>"; };
		26D8F81D21473A9D002F7B4F /* KronTests.swift */ = {isa = PBXFileReference; fileEncoding = 4; lastKnownFileType = sourcecode.swift; path = KronTests.swift; sourceTree = "<group>"; };
		26D8F81F21473A9D002F7B4F /* ArchivingTests.swift */ = {isa = PBXFileReference; fileEncoding = 4; lastKnownFileType = sourcecode.swift; path = ArchivingTests.swift; sourceTree = "<group>"; };
		26D8F82021473A9D002F7B4F /* FluxTests.swift */ = {isa = PBXFileReference; fileEncoding = 4; lastKnownFileType = sourcecode.swift; path = FluxTests.swift; sourceTree = "<group>"; };
		26D8F82121473A9D002F7B4F /* ChainTests.swift */ = {isa = PBXFileReference; fileEncoding = 4; lastKnownFileType = sourcecode.swift; path = ChainTests.swift; sourceTree = "<group>"; };
		26D8F82221473A9D002F7B4F /* NestingTests.swift */ = {isa = PBXFileReference; fileEncoding = 4; lastKnownFileType = sourcecode.swift; path = NestingTests.swift; sourceTree = "<group>"; };
		26D8F82421473A9D002F7B4F /* LockTests.swift */ = {isa = PBXFileReference; fileEncoding = 4; lastKnownFileType = sourcecode.swift; path = LockTests.swift; sourceTree = "<group>"; };
		26D8F82621473A9D002F7B4F /* TestStore.swift */ = {isa = PBXFileReference; fileEncoding = 4; lastKnownFileType = sourcecode.swift; path = TestStore.swift; sourceTree = "<group>"; };
		26D8F82721473A9D002F7B4F /* Stores.swift */ = {isa = PBXFileReference; fileEncoding = 4; lastKnownFileType = sourcecode.swift; path = Stores.swift; sourceTree = "<group>"; };
		26D8F82821473A9D002F7B4F /* TestOwner.swift */ = {isa = PBXFileReference; fileEncoding = 4; lastKnownFileType = sourcecode.swift; path = TestOwner.swift; sourceTree = "<group>"; };
		26D8F82921473A9D002F7B4F /* SetupTests.swift */ = {isa = PBXFileReference; fileEncoding = 4; lastKnownFileType = sourcecode.swift; path = SetupTests.swift; sourceTree = "<group>"; };
		26D8F85121474454002F7B4F /* FluxSerializer.swift */ = {isa = PBXFileReference; lastKnownFileType = sourcecode.swift; path = FluxSerializer.swift; sourceTree = "<group>"; };
		381DEAC3DCFB39BEACA03807 /* Pods-Reaktor-iOS-Reaktor-iOSTests.debug.xcconfig */ = {isa = PBXFileReference; includeInIndex = 1; lastKnownFileType = text.xcconfig; name = "Pods-Reaktor-iOS-Reaktor-iOSTests.debug.xcconfig"; path = "Pods/Target Support Files/Pods-Reaktor-iOS-Reaktor-iOSTests/Pods-Reaktor-iOS-Reaktor-iOSTests.debug.xcconfig"; sourceTree = "<group>"; };
		38BFFFCD6F072157809E78A0 /* Pods-Reaktor-macOS.debug.xcconfig */ = {isa = PBXFileReference; includeInIndex = 1; lastKnownFileType = text.xcconfig; name = "Pods-Reaktor-macOS.debug.xcconfig"; path = "Pods/Target Support Files/Pods-Reaktor-macOS/Pods-Reaktor-macOS.debug.xcconfig"; sourceTree = "<group>"; };
		452C9C4E09CB62E21C4E5240 /* Pods-Reaktor-iOS-Reaktor-iOSTests.release.xcconfig */ = {isa = PBXFileReference; includeInIndex = 1; lastKnownFileType = text.xcconfig; name = "Pods-Reaktor-iOS-Reaktor-iOSTests.release.xcconfig"; path = "Pods/Target Support Files/Pods-Reaktor-iOS-Reaktor-iOSTests/Pods-Reaktor-iOS-Reaktor-iOSTests.release.xcconfig"; sourceTree = "<group>"; };
		4DD0926C55169B753178E95C /* Pods-Reaktor-tvOS.release.xcconfig */ = {isa = PBXFileReference; includeInIndex = 1; lastKnownFileType = text.xcconfig; name = "Pods-Reaktor-tvOS.release.xcconfig"; path = "Pods/Target Support Files/Pods-Reaktor-tvOS/Pods-Reaktor-tvOS.release.xcconfig"; sourceTree = "<group>"; };
		54551A57CBC323C9D2D85A59 /* Pods-Reaktor-macOS-Reaktor-macOSTests.debug.xcconfig */ = {isa = PBXFileReference; includeInIndex = 1; lastKnownFileType = text.xcconfig; name = "Pods-Reaktor-macOS-Reaktor-macOSTests.debug.xcconfig"; path = "Pods/Target Support Files/Pods-Reaktor-macOS-Reaktor-macOSTests/Pods-Reaktor-macOS-Reaktor-macOSTests.debug.xcconfig"; sourceTree = "<group>"; };
		56B9FA86C8DFEE750F1FDD67 /* Pods_Reaktor_tvOS.framework */ = {isa = PBXFileReference; explicitFileType = wrapper.framework; includeInIndex = 0; path = Pods_Reaktor_tvOS.framework; sourceTree = BUILT_PRODUCTS_DIR; };
		598EF4CC90CDF51D436D038E /* Pods-Reaktor-macOSTests.debug.xcconfig */ = {isa = PBXFileReference; includeInIndex = 1; lastKnownFileType = text.xcconfig; name = "Pods-Reaktor-macOSTests.debug.xcconfig"; path = "Pods/Target Support Files/Pods-Reaktor-macOSTests/Pods-Reaktor-macOSTests.debug.xcconfig"; sourceTree = "<group>"; };
		6529348FC7980F8A5E989DF0 /* libPods-Reaktor-iOS-Reaktor-iOSTests.a */ = {isa = PBXFileReference; explicitFileType = archive.ar; includeInIndex = 0; path = "libPods-Reaktor-iOS-Reaktor-iOSTests.a"; sourceTree = BUILT_PRODUCTS_DIR; };
		6800B2CB5843D3C26DF4FF9B /* Pods-Reaktor-tvOS-Reaktor-tvOSTests.release.xcconfig */ = {isa = PBXFileReference; includeInIndex = 1; lastKnownFileType = text.xcconfig; name = "Pods-Reaktor-tvOS-Reaktor-tvOSTests.release.xcconfig"; path = "Pods/Target Support Files/Pods-Reaktor-tvOS-Reaktor-tvOSTests/Pods-Reaktor-tvOS-Reaktor-tvOSTests.release.xcconfig"; sourceTree = "<group>"; };
		695BE95F3E3D5381B029DD22 /* Pods_Reaktor_iOSTests.framework */ = {isa = PBXFileReference; explicitFileType = wrapper.framework; includeInIndex = 0; path = Pods_Reaktor_iOSTests.framework; sourceTree = BUILT_PRODUCTS_DIR; };
		88917E1F608AFE1E56480E6F /* Pods_Reaktor_macOS.framework */ = {isa = PBXFileReference; explicitFileType = wrapper.framework; includeInIndex = 0; path = Pods_Reaktor_macOS.framework; sourceTree = BUILT_PRODUCTS_DIR; };
		90ED7E2C99449BF00BF8C4B8 /* libPods-Reaktor-macOS-Reaktor-macOSTests.a */ = {isa = PBXFileReference; explicitFileType = archive.ar; includeInIndex = 0; path = "libPods-Reaktor-macOS-Reaktor-macOSTests.a"; sourceTree = BUILT_PRODUCTS_DIR; };
		9297C3098704CEE0C27B1C9D /* Pods-Reaktor-iOS.debug.xcconfig */ = {isa = PBXFileReference; includeInIndex = 1; lastKnownFileType = text.xcconfig; name = "Pods-Reaktor-iOS.debug.xcconfig"; path = "Pods/Target Support Files/Pods-Reaktor-iOS/Pods-Reaktor-iOS.debug.xcconfig"; sourceTree = "<group>"; };
		99B8E75D79521F500CA851D4 /* Pods-Reaktor-macOS-Reaktor-macOSTests.release.xcconfig */ = {isa = PBXFileReference; includeInIndex = 1; lastKnownFileType = text.xcconfig; name = "Pods-Reaktor-macOS-Reaktor-macOSTests.release.xcconfig"; path = "Pods/Target Support Files/Pods-Reaktor-macOS-Reaktor-macOSTests/Pods-Reaktor-macOS-Reaktor-macOSTests.release.xcconfig"; sourceTree = "<group>"; };
		AF87E8EAD968BFA031274355 /* Pods-Reaktor-tvOSTests.debug.xcconfig */ = {isa = PBXFileReference; includeInIndex = 1; lastKnownFileType = text.xcconfig; name = "Pods-Reaktor-tvOSTests.debug.xcconfig"; path = "Pods/Target Support Files/Pods-Reaktor-tvOSTests/Pods-Reaktor-tvOSTests.debug.xcconfig"; sourceTree = "<group>"; };
		BAE25DF2041FE9D584D9F979 /* Pods-Reaktor-tvOSTests.release.xcconfig */ = {isa = PBXFileReference; includeInIndex = 1; lastKnownFileType = text.xcconfig; name = "Pods-Reaktor-tvOSTests.release.xcconfig"; path = "Pods/Target Support Files/Pods-Reaktor-tvOSTests/Pods-Reaktor-tvOSTests.release.xcconfig"; sourceTree = "<group>"; };
		C54000D406E19649E8976133 /* Pods_Reaktor_tvOSTests.framework */ = {isa = PBXFileReference; explicitFileType = wrapper.framework; includeInIndex = 0; path = Pods_Reaktor_tvOSTests.framework; sourceTree = BUILT_PRODUCTS_DIR; };
		D2B76A4269F0ECBB16EBD1E6 /* Pods-Reaktor-macOS.release.xcconfig */ = {isa = PBXFileReference; includeInIndex = 1; lastKnownFileType = text.xcconfig; name = "Pods-Reaktor-macOS.release.xcconfig"; path = "Pods/Target Support Files/Pods-Reaktor-macOS/Pods-Reaktor-macOS.release.xcconfig"; sourceTree = "<group>"; };
		DDC2E24140CF7BF6DB0B0D18 /* Pods-Reaktor-macOSTests.release.xcconfig */ = {isa = PBXFileReference; includeInIndex = 1; lastKnownFileType = text.xcconfig; name = "Pods-Reaktor-macOSTests.release.xcconfig"; path = "Pods/Target Support Files/Pods-Reaktor-macOSTests/Pods-Reaktor-macOSTests.release.xcconfig"; sourceTree = "<group>"; };
		F7C6A21D39F67D37934C6EA8 /* Pods-Reaktor-iOS.release.xcconfig */ = {isa = PBXFileReference; includeInIndex = 1; lastKnownFileType = text.xcconfig; name = "Pods-Reaktor-iOS.release.xcconfig"; path = "Pods/Target Support Files/Pods-Reaktor-iOS/Pods-Reaktor-iOS.release.xcconfig"; sourceTree = "<group>"; };
		FCF9744D8DBAC7DD369275C1 /* Pods-Reaktor-tvOS.debug.xcconfig */ = {isa = PBXFileReference; includeInIndex = 1; lastKnownFileType = text.xcconfig; name = "Pods-Reaktor-tvOS.debug.xcconfig"; path = "Pods/Target Support Files/Pods-Reaktor-tvOS/Pods-Reaktor-tvOS.debug.xcconfig"; sourceTree = "<group>"; };
/* End PBXFileReference section */

/* Begin PBXFrameworksBuildPhase section */
		26A82A592146D783008C8009 /* Frameworks */ = {
			isa = PBXFrameworksBuildPhase;
			buildActionMask = 2147483647;
			files = (
				E4E6EB50E577F6DFD06E25BC /* Pods_Reaktor_iOS.framework in Frameworks */,
			);
			runOnlyForDeploymentPostprocessing = 0;
		};
		26A82A622146D783008C8009 /* Frameworks */ = {
			isa = PBXFrameworksBuildPhase;
			buildActionMask = 2147483647;
			files = (
				26A82A662146D783008C8009 /* Reaktor_iOS.framework in Frameworks */,
				553D1E7B592EB9628035CAD6 /* Pods_Reaktor_iOSTests.framework in Frameworks */,
				0EFF46569D24DB9D22334EEF /* libPods-Reaktor-iOS-Reaktor-iOSTests.a in Frameworks */,
			);
			runOnlyForDeploymentPostprocessing = 0;
		};
		26A82A912146D7A7008C8009 /* Frameworks */ = {
			isa = PBXFrameworksBuildPhase;
			buildActionMask = 2147483647;
			files = (
				88DB8E24BE9025C14ED61449 /* Pods_Reaktor_macOS.framework in Frameworks */,
			);
			runOnlyForDeploymentPostprocessing = 0;
		};
		26A82A9A2146D7A8008C8009 /* Frameworks */ = {
			isa = PBXFrameworksBuildPhase;
			buildActionMask = 2147483647;
			files = (
				26A82A9E2146D7A8008C8009 /* Reaktor_macOS.framework in Frameworks */,
				3595CABE7D286B72BFA3840E /* Pods_Reaktor_macOSTests.framework in Frameworks */,
				AA2D1327DF75E3DBD1E3D61C /* libPods-Reaktor-macOS-Reaktor-macOSTests.a in Frameworks */,
			);
			runOnlyForDeploymentPostprocessing = 0;
		};
		26A82AAD2146D7B2008C8009 /* Frameworks */ = {
			isa = PBXFrameworksBuildPhase;
			buildActionMask = 2147483647;
			files = (
				64546CC0CE0279796BADBFF2 /* Pods_Reaktor_tvOS.framework in Frameworks */,
			);
			runOnlyForDeploymentPostprocessing = 0;
		};
		26A82AB62146D7B2008C8009 /* Frameworks */ = {
			isa = PBXFrameworksBuildPhase;
			buildActionMask = 2147483647;
			files = (
				26A82ABA2146D7B2008C8009 /* Reaktor_tvOS.framework in Frameworks */,
				49B01758B32A87D4F2F7098C /* Pods_Reaktor_tvOSTests.framework in Frameworks */,
				FA015FA9018B6DCF7A083994 /* libPods-Reaktor-tvOS-Reaktor-tvOSTests.a in Frameworks */,
			);
			runOnlyForDeploymentPostprocessing = 0;
		};
/* End PBXFrameworksBuildPhase section */

/* Begin PBXGroup section */
		26A82A342146D769008C8009 = {
			isa = PBXGroup;
			children = (
				26A82AC82146D80E008C8009 /* Sources */,
				26A82AC92146D80E008C8009 /* Tests */,
				26A82A5E2146D783008C8009 /* Reaktor-iOS */,
				26A82A692146D783008C8009 /* Reaktor-iOSTests */,
				26A82A962146D7A8008C8009 /* Reaktor-macOS */,
				26A82AA12146D7A8008C8009 /* Reaktor-macOSTests */,
				26A82AB22146D7B2008C8009 /* Reaktor-tvOS */,
				26A82ABD2146D7B2008C8009 /* Reaktor-tvOSTests */,
				26A82A3F2146D769008C8009 /* Products */,
				AD3032DB8725C62F5A3F6997 /* Pods */,
				E6A24196288E8AE550246B64 /* Frameworks */,
			);
			sourceTree = "<group>";
		};
		26A82A3F2146D769008C8009 /* Products */ = {
			isa = PBXGroup;
			children = (
				26A82A5D2146D783008C8009 /* Reaktor_iOS.framework */,
				26A82A652146D783008C8009 /* Reaktor-iOSTests.xctest */,
				26A82A952146D7A7008C8009 /* Reaktor_macOS.framework */,
				26A82A9D2146D7A8008C8009 /* Reaktor-macOSTests.xctest */,
				26A82AB12146D7B2008C8009 /* Reaktor_tvOS.framework */,
				26A82AB92146D7B2008C8009 /* Reaktor-tvOSTests.xctest */,
			);
			name = Products;
			sourceTree = "<group>";
		};
		26A82A5E2146D783008C8009 /* Reaktor-iOS */ = {
			isa = PBXGroup;
			children = (
				26A82A5F2146D783008C8009 /* Reaktor_iOS.h */,
				26A82A602146D783008C8009 /* Info.plist */,
			);
			path = "Reaktor-iOS";
			sourceTree = "<group>";
		};
		26A82A692146D783008C8009 /* Reaktor-iOSTests */ = {
			isa = PBXGroup;
			children = (
				26A82A6A2146D783008C8009 /* Reaktor_iOSTests.swift */,
				26A82A6C2146D783008C8009 /* Info.plist */,
			);
			path = "Reaktor-iOSTests";
			sourceTree = "<group>";
		};
		26A82A962146D7A8008C8009 /* Reaktor-macOS */ = {
			isa = PBXGroup;
			children = (
				26A82A972146D7A8008C8009 /* Reaktor_macOS.h */,
				26A82A982146D7A8008C8009 /* Info.plist */,
			);
			path = "Reaktor-macOS";
			sourceTree = "<group>";
		};
		26A82AA12146D7A8008C8009 /* Reaktor-macOSTests */ = {
			isa = PBXGroup;
			children = (
				26A82AA22146D7A8008C8009 /* Reaktor_macOSTests.swift */,
				26A82AA42146D7A8008C8009 /* Info.plist */,
			);
			path = "Reaktor-macOSTests";
			sourceTree = "<group>";
		};
		26A82AB22146D7B2008C8009 /* Reaktor-tvOS */ = {
			isa = PBXGroup;
			children = (
				26A82AB32146D7B2008C8009 /* Reaktor_tvOS.h */,
				26A82AB42146D7B2008C8009 /* Info.plist */,
			);
			path = "Reaktor-tvOS";
			sourceTree = "<group>";
		};
		26A82ABD2146D7B2008C8009 /* Reaktor-tvOSTests */ = {
			isa = PBXGroup;
			children = (
				26A82ABE2146D7B2008C8009 /* Reaktor_tvOSTests.swift */,
				26A82AC02146D7B2008C8009 /* Info.plist */,
			);
			path = "Reaktor-tvOSTests";
			sourceTree = "<group>";
		};
		26A82AC82146D80E008C8009 /* Sources */ = {
			isa = PBXGroup;
			children = (
				26D8F7BA21473A92002F7B4F /* FluxHelpers.swift */,
				26D8F7B921473A92002F7B4F /* FluxPublic.swift */,
				26D8F7BB21473A92002F7B4F /* Boxes */,
				26D8F7B621473A91002F7B4F /* Dispatcher */,
				26D8F7AE21473A91002F7B4F /* Fluxor */,
				26D8F7AB21473A91002F7B4F /* Reaction */,
				26D8F7B221473A91002F7B4F /* Store */,
			);
			path = Sources;
			sourceTree = "<group>";
		};
		26A82AC92146D80E008C8009 /* Tests */ = {
			isa = PBXGroup;
			children = (
				26D8F81921473A9D002F7B4F /* DataFlowTests */,
				26D8F81E21473A9D002F7B4F /* FluxTests */,
				26D8F82321473A9D002F7B4F /* LocksTests */,
				26D8F82521473A9D002F7B4F /* SampleClasses */,
				26D8F82921473A9D002F7B4F /* SetupTests.swift */,
			);
			path = Tests;
			sourceTree = "<group>";
		};
		26D8F7AB21473A91002F7B4F /* Reaction */ = {
			isa = PBXGroup;
			children = (
				26D8F7AC21473A91002F7B4F /* FluxChange.swift */,
				26D8F7AD21473A91002F7B4F /* FluxReaction.swift */,
			);
			path = Reaction;
			sourceTree = "<group>";
		};
		26D8F7AE21473A91002F7B4F /* Fluxor */ = {
			isa = PBXGroup;
			children = (
				26D8F7AF21473A91002F7B4F /* FluxChain.swift */,
				26D8F7B021473A91002F7B4F /* FluxManager.swift */,
				26D8F7B121473A91002F7B4F /* Fluxor.swift */,
			);
			path = Fluxor;
			sourceTree = "<group>";
		};
		26D8F7B221473A91002F7B4F /* Store */ = {
			isa = PBXGroup;
			children = (
				26D8F7B321473A91002F7B4F /* FluxState.swift */,
				26D8F7B421473A91002F7B4F /* FluxArchiver.swift */,
				26D8F7B521473A91002F7B4F /* FluxStore.swift */,
				26D8F85121474454002F7B4F /* FluxSerializer.swift */,
			);
			path = Store;
			sourceTree = "<group>";
		};
		26D8F7B621473A91002F7B4F /* Dispatcher */ = {
			isa = PBXGroup;
			children = (
				26D8F7B721473A91002F7B4F /* FluxDispatcher.swift */,
				26D8F7B821473A91002F7B4F /* FluxLock.swift */,
			);
			path = Dispatcher;
			sourceTree = "<group>";
		};
		26D8F7BB21473A92002F7B4F /* Boxes */ = {
			isa = PBXGroup;
			children = (
				26D8F7BC21473A92002F7B4F /* FluxDictionary.swift */,
				26D8F7BD21473A92002F7B4F /* FluxNSObjects.swift */,
				26D8F7BE21473A92002F7B4F /* FluxRef.swift */,
			);
			path = Boxes;
			sourceTree = "<group>";
		};
		26D8F81921473A9D002F7B4F /* DataFlowTests */ = {
			isa = PBXGroup;
			children = (
				26D8F81A21473A9D002F7B4F /* ReducerTests.swift */,
				26D8F81B21473A9D002F7B4F /* SerializationTests.swift */,
				26D8F81C21473A9D002F7B4F /* DictionaryTests.swift */,
				26D8F81D21473A9D002F7B4F /* KronTests.swift */,
				26D8F81F21473A9D002F7B4F /* ArchivingTests.swift */,
			);
			path = DataFlowTests;
			sourceTree = "<group>";
		};
		26D8F81E21473A9D002F7B4F /* FluxTests */ = {
			isa = PBXGroup;
			children = (
				26D8F82021473A9D002F7B4F /* FluxTests.swift */,
				26D8F82121473A9D002F7B4F /* ChainTests.swift */,
				26D8F82221473A9D002F7B4F /* NestingTests.swift */,
			);
			path = FluxTests;
			sourceTree = "<group>";
		};
		26D8F82321473A9D002F7B4F /* LocksTests */ = {
			isa = PBXGroup;
			children = (
				26D8F82421473A9D002F7B4F /* LockTests.swift */,
			);
			path = LocksTests;
			sourceTree = "<group>";
		};
		26D8F82521473A9D002F7B4F /* SampleClasses */ = {
			isa = PBXGroup;
			children = (
				26D8F82621473A9D002F7B4F /* TestStore.swift */,
				26D8F82721473A9D002F7B4F /* Stores.swift */,
				26D8F82821473A9D002F7B4F /* TestOwner.swift */,
			);
			path = SampleClasses;
			sourceTree = "<group>";
		};
		AD3032DB8725C62F5A3F6997 /* Pods */ = {
			isa = PBXGroup;
			children = (
				9297C3098704CEE0C27B1C9D /* Pods-Reaktor-iOS.debug.xcconfig */,
				F7C6A21D39F67D37934C6EA8 /* Pods-Reaktor-iOS.release.xcconfig */,
				0C274EFCF73179B943CD3EA2 /* Pods-Reaktor-iOSTests.debug.xcconfig */,
				0A3CB9BE7C8696AC195D5C19 /* Pods-Reaktor-iOSTests.release.xcconfig */,
				38BFFFCD6F072157809E78A0 /* Pods-Reaktor-macOS.debug.xcconfig */,
				D2B76A4269F0ECBB16EBD1E6 /* Pods-Reaktor-macOS.release.xcconfig */,
				598EF4CC90CDF51D436D038E /* Pods-Reaktor-macOSTests.debug.xcconfig */,
				DDC2E24140CF7BF6DB0B0D18 /* Pods-Reaktor-macOSTests.release.xcconfig */,
				FCF9744D8DBAC7DD369275C1 /* Pods-Reaktor-tvOS.debug.xcconfig */,
				4DD0926C55169B753178E95C /* Pods-Reaktor-tvOS.release.xcconfig */,
				AF87E8EAD968BFA031274355 /* Pods-Reaktor-tvOSTests.debug.xcconfig */,
				BAE25DF2041FE9D584D9F979 /* Pods-Reaktor-tvOSTests.release.xcconfig */,
				381DEAC3DCFB39BEACA03807 /* Pods-Reaktor-iOS-Reaktor-iOSTests.debug.xcconfig */,
				452C9C4E09CB62E21C4E5240 /* Pods-Reaktor-iOS-Reaktor-iOSTests.release.xcconfig */,
				54551A57CBC323C9D2D85A59 /* Pods-Reaktor-macOS-Reaktor-macOSTests.debug.xcconfig */,
				99B8E75D79521F500CA851D4 /* Pods-Reaktor-macOS-Reaktor-macOSTests.release.xcconfig */,
				075CD6D047CF6A418EAF8396 /* Pods-Reaktor-tvOS-Reaktor-tvOSTests.debug.xcconfig */,
				6800B2CB5843D3C26DF4FF9B /* Pods-Reaktor-tvOS-Reaktor-tvOSTests.release.xcconfig */,
			);
			name = Pods;
			sourceTree = "<group>";
		};
		E6A24196288E8AE550246B64 /* Frameworks */ = {
			isa = PBXGroup;
			children = (
				695BE95F3E3D5381B029DD22 /* Pods_Reaktor_iOSTests.framework */,
				1ED39F5CA53DD5E45FF3988C /* Pods_Reaktor_macOSTests.framework */,
				C54000D406E19649E8976133 /* Pods_Reaktor_tvOSTests.framework */,
				6529348FC7980F8A5E989DF0 /* libPods-Reaktor-iOS-Reaktor-iOSTests.a */,
				90ED7E2C99449BF00BF8C4B8 /* libPods-Reaktor-macOS-Reaktor-macOSTests.a */,
				22AE2344475AD3B4DD6D11EC /* libPods-Reaktor-tvOS-Reaktor-tvOSTests.a */,
				1853B0440831D5B76080A717 /* Pods_Reaktor_iOS.framework */,
				88917E1F608AFE1E56480E6F /* Pods_Reaktor_macOS.framework */,
				56B9FA86C8DFEE750F1FDD67 /* Pods_Reaktor_tvOS.framework */,
			);
			name = Frameworks;
			sourceTree = "<group>";
		};
/* End PBXGroup section */

/* Begin PBXHeadersBuildPhase section */
		26A82A5A2146D783008C8009 /* Headers */ = {
			isa = PBXHeadersBuildPhase;
			buildActionMask = 2147483647;
			files = (
				26A82A6D2146D783008C8009 /* Reaktor_iOS.h in Headers */,
			);
			runOnlyForDeploymentPostprocessing = 0;
		};
		26A82A922146D7A7008C8009 /* Headers */ = {
			isa = PBXHeadersBuildPhase;
			buildActionMask = 2147483647;
			files = (
				26A82AA52146D7A8008C8009 /* Reaktor_macOS.h in Headers */,
			);
			runOnlyForDeploymentPostprocessing = 0;
		};
		26A82AAE2146D7B2008C8009 /* Headers */ = {
			isa = PBXHeadersBuildPhase;
			buildActionMask = 2147483647;
			files = (
				26A82AC12146D7B2008C8009 /* Reaktor_tvOS.h in Headers */,
			);
			runOnlyForDeploymentPostprocessing = 0;
		};
/* End PBXHeadersBuildPhase section */

/* Begin PBXNativeTarget section */
		26A82A5C2146D783008C8009 /* Reaktor-iOS */ = {
			isa = PBXNativeTarget;
			buildConfigurationList = 26A82A6E2146D783008C8009 /* Build configuration list for PBXNativeTarget "Reaktor-iOS" */;
			buildPhases = (
				5DA954605957A2E6C40FB238 /* [CP] Check Pods Manifest.lock */,
				26A82A582146D783008C8009 /* Sources */,
				26A82A592146D783008C8009 /* Frameworks */,
				26A82A5A2146D783008C8009 /* Headers */,
				26A82A5B2146D783008C8009 /* Resources */,
			);
			buildRules = (
			);
			dependencies = (
			);
			name = "Reaktor-iOS";
			productName = "Reaktor-iOS";
			productReference = 26A82A5D2146D783008C8009 /* Reaktor_iOS.framework */;
			productType = "com.apple.product-type.framework";
		};
		26A82A642146D783008C8009 /* Reaktor-iOSTests */ = {
			isa = PBXNativeTarget;
			buildConfigurationList = 26A82A712146D783008C8009 /* Build configuration list for PBXNativeTarget "Reaktor-iOSTests" */;
			buildPhases = (
				A07B363AC9EE55E208BC94B8 /* [CP] Check Pods Manifest.lock */,
				26A82A612146D783008C8009 /* Sources */,
				26A82A622146D783008C8009 /* Frameworks */,
				26A82A632146D783008C8009 /* Resources */,
				A66B049A7718DE26DBCC32B0 /* [CP] Embed Pods Frameworks */,
			);
			buildRules = (
			);
			dependencies = (
				26A82A682146D783008C8009 /* PBXTargetDependency */,
			);
			name = "Reaktor-iOSTests";
			productName = "Reaktor-iOSTests";
			productReference = 26A82A652146D783008C8009 /* Reaktor-iOSTests.xctest */;
			productType = "com.apple.product-type.bundle.unit-test";
		};
		26A82A942146D7A7008C8009 /* Reaktor-macOS */ = {
			isa = PBXNativeTarget;
			buildConfigurationList = 26A82AA62146D7A8008C8009 /* Build configuration list for PBXNativeTarget "Reaktor-macOS" */;
			buildPhases = (
				ECA1BB1DF14B40C6C2AAA2DE /* [CP] Check Pods Manifest.lock */,
				26A82A902146D7A7008C8009 /* Sources */,
				26A82A912146D7A7008C8009 /* Frameworks */,
				26A82A922146D7A7008C8009 /* Headers */,
				26A82A932146D7A7008C8009 /* Resources */,
			);
			buildRules = (
			);
			dependencies = (
			);
			name = "Reaktor-macOS";
			productName = "Reaktor-macOS";
			productReference = 26A82A952146D7A7008C8009 /* Reaktor_macOS.framework */;
			productType = "com.apple.product-type.framework";
		};
		26A82A9C2146D7A8008C8009 /* Reaktor-macOSTests */ = {
			isa = PBXNativeTarget;
			buildConfigurationList = 26A82AA92146D7A8008C8009 /* Build configuration list for PBXNativeTarget "Reaktor-macOSTests" */;
			buildPhases = (
				DA77D50E09326149BD2B2021 /* [CP] Check Pods Manifest.lock */,
				26A82A992146D7A8008C8009 /* Sources */,
				26A82A9A2146D7A8008C8009 /* Frameworks */,
				26A82A9B2146D7A8008C8009 /* Resources */,
				29E5F400B9D62C753211C8CE /* [CP] Embed Pods Frameworks */,
			);
			buildRules = (
			);
			dependencies = (
				26A82AA02146D7A8008C8009 /* PBXTargetDependency */,
			);
			name = "Reaktor-macOSTests";
			productName = "Reaktor-macOSTests";
			productReference = 26A82A9D2146D7A8008C8009 /* Reaktor-macOSTests.xctest */;
			productType = "com.apple.product-type.bundle.unit-test";
		};
		26A82AB02146D7B2008C8009 /* Reaktor-tvOS */ = {
			isa = PBXNativeTarget;
			buildConfigurationList = 26A82AC22146D7B2008C8009 /* Build configuration list for PBXNativeTarget "Reaktor-tvOS" */;
			buildPhases = (
				E834F6778C22D9DCFBDA1ACE /* [CP] Check Pods Manifest.lock */,
				26A82AAC2146D7B2008C8009 /* Sources */,
				26A82AAD2146D7B2008C8009 /* Frameworks */,
				26A82AAE2146D7B2008C8009 /* Headers */,
				26A82AAF2146D7B2008C8009 /* Resources */,
			);
			buildRules = (
			);
			dependencies = (
			);
			name = "Reaktor-tvOS";
			productName = "Reaktor-tvOS";
			productReference = 26A82AB12146D7B2008C8009 /* Reaktor_tvOS.framework */;
			productType = "com.apple.product-type.framework";
		};
		26A82AB82146D7B2008C8009 /* Reaktor-tvOSTests */ = {
			isa = PBXNativeTarget;
			buildConfigurationList = 26A82AC52146D7B2008C8009 /* Build configuration list for PBXNativeTarget "Reaktor-tvOSTests" */;
			buildPhases = (
				0C33742F9C0609CA1C332995 /* [CP] Check Pods Manifest.lock */,
				26A82AB52146D7B2008C8009 /* Sources */,
				26A82AB62146D7B2008C8009 /* Frameworks */,
				26A82AB72146D7B2008C8009 /* Resources */,
				BD8690990F7F5B28CC9DC5C6 /* [CP] Embed Pods Frameworks */,
			);
			buildRules = (
			);
			dependencies = (
				26A82ABC2146D7B2008C8009 /* PBXTargetDependency */,
			);
			name = "Reaktor-tvOSTests";
			productName = "Reaktor-tvOSTests";
			productReference = 26A82AB92146D7B2008C8009 /* Reaktor-tvOSTests.xctest */;
			productType = "com.apple.product-type.bundle.unit-test";
		};
/* End PBXNativeTarget section */

/* Begin PBXProject section */
		26A82A352146D769008C8009 /* Project object */ = {
			isa = PBXProject;
			attributes = {
				LastSwiftUpdateCheck = 0940;
				LastUpgradeCheck = 0940;
				ORGANIZATIONNAME = eonflux;
				TargetAttributes = {
					26A82A5C2146D783008C8009 = {
						CreatedOnToolsVersion = 9.4.1;
						LastSwiftMigration = 0940;
					};
					26A82A642146D783008C8009 = {
						CreatedOnToolsVersion = 9.4.1;
					};
					26A82A942146D7A7008C8009 = {
						CreatedOnToolsVersion = 9.4.1;
						LastSwiftMigration = 0940;
					};
					26A82A9C2146D7A8008C8009 = {
						CreatedOnToolsVersion = 9.4.1;
					};
					26A82AB02146D7B2008C8009 = {
						CreatedOnToolsVersion = 9.4.1;
						LastSwiftMigration = 0940;
					};
					26A82AB82146D7B2008C8009 = {
						CreatedOnToolsVersion = 9.4.1;
					};
				};
			};
			buildConfigurationList = 26A82A382146D769008C8009 /* Build configuration list for PBXProject "Reaktor" */;
			compatibilityVersion = "Xcode 9.3";
			developmentRegion = en;
			hasScannedForEncodings = 0;
			knownRegions = (
				en,
			);
			mainGroup = 26A82A342146D769008C8009;
			productRefGroup = 26A82A3F2146D769008C8009 /* Products */;
			projectDirPath = "";
			projectRoot = "";
			targets = (
				26A82A5C2146D783008C8009 /* Reaktor-iOS */,
				26A82A642146D783008C8009 /* Reaktor-iOSTests */,
				26A82A942146D7A7008C8009 /* Reaktor-macOS */,
				26A82A9C2146D7A8008C8009 /* Reaktor-macOSTests */,
				26A82AB02146D7B2008C8009 /* Reaktor-tvOS */,
				26A82AB82146D7B2008C8009 /* Reaktor-tvOSTests */,
			);
		};
/* End PBXProject section */

/* Begin PBXResourcesBuildPhase section */
		26A82A5B2146D783008C8009 /* Resources */ = {
			isa = PBXResourcesBuildPhase;
			buildActionMask = 2147483647;
			files = (
			);
			runOnlyForDeploymentPostprocessing = 0;
		};
		26A82A632146D783008C8009 /* Resources */ = {
			isa = PBXResourcesBuildPhase;
			buildActionMask = 2147483647;
			files = (
			);
			runOnlyForDeploymentPostprocessing = 0;
		};
		26A82A932146D7A7008C8009 /* Resources */ = {
			isa = PBXResourcesBuildPhase;
			buildActionMask = 2147483647;
			files = (
			);
			runOnlyForDeploymentPostprocessing = 0;
		};
		26A82A9B2146D7A8008C8009 /* Resources */ = {
			isa = PBXResourcesBuildPhase;
			buildActionMask = 2147483647;
			files = (
			);
			runOnlyForDeploymentPostprocessing = 0;
		};
		26A82AAF2146D7B2008C8009 /* Resources */ = {
			isa = PBXResourcesBuildPhase;
			buildActionMask = 2147483647;
			files = (
			);
			runOnlyForDeploymentPostprocessing = 0;
		};
		26A82AB72146D7B2008C8009 /* Resources */ = {
			isa = PBXResourcesBuildPhase;
			buildActionMask = 2147483647;
			files = (
			);
			runOnlyForDeploymentPostprocessing = 0;
		};
/* End PBXResourcesBuildPhase section */

/* Begin PBXShellScriptBuildPhase section */
		0C33742F9C0609CA1C332995 /* [CP] Check Pods Manifest.lock */ = {
			isa = PBXShellScriptBuildPhase;
			buildActionMask = 2147483647;
			files = (
			);
			inputPaths = (
				"${PODS_PODFILE_DIR_PATH}/Podfile.lock",
				"${PODS_ROOT}/Manifest.lock",
			);
			name = "[CP] Check Pods Manifest.lock";
			outputPaths = (
				"$(DERIVED_FILE_DIR)/Pods-Reaktor-tvOSTests-checkManifestLockResult.txt",
			);
			runOnlyForDeploymentPostprocessing = 0;
			shellPath = /bin/sh;
			shellScript = "diff \"${PODS_PODFILE_DIR_PATH}/Podfile.lock\" \"${PODS_ROOT}/Manifest.lock\" > /dev/null\nif [ $? != 0 ] ; then\n    # print error to STDERR\n    echo \"error: The sandbox is not in sync with the Podfile.lock. Run 'pod install' or update your CocoaPods installation.\" >&2\n    exit 1\nfi\n# This output is used by Xcode 'outputs' to avoid re-running this script phase.\necho \"SUCCESS\" > \"${SCRIPT_OUTPUT_FILE_0}\"\n";
			showEnvVarsInLog = 0;
		};
		29E5F400B9D62C753211C8CE /* [CP] Embed Pods Frameworks */ = {
			isa = PBXShellScriptBuildPhase;
			buildActionMask = 2147483647;
			files = (
			);
			inputPaths = (
				"${SRCROOT}/Pods/Target Support Files/Pods-Reaktor-macOSTests/Pods-Reaktor-macOSTests-frameworks.sh",
				"${BUILT_PRODUCTS_DIR}/Delayed-macOS/Delayed.framework",
			);
			name = "[CP] Embed Pods Frameworks";
			outputPaths = (
				"${TARGET_BUILD_DIR}/${FRAMEWORKS_FOLDER_PATH}/Delayed.framework",
			);
			runOnlyForDeploymentPostprocessing = 0;
			shellPath = /bin/sh;
			shellScript = "\"${SRCROOT}/Pods/Target Support Files/Pods-Reaktor-macOSTests/Pods-Reaktor-macOSTests-frameworks.sh\"\n";
			showEnvVarsInLog = 0;
		};
		5DA954605957A2E6C40FB238 /* [CP] Check Pods Manifest.lock */ = {
			isa = PBXShellScriptBuildPhase;
			buildActionMask = 2147483647;
			files = (
			);
			inputPaths = (
				"${PODS_PODFILE_DIR_PATH}/Podfile.lock",
				"${PODS_ROOT}/Manifest.lock",
			);
			name = "[CP] Check Pods Manifest.lock";
			outputPaths = (
				"$(DERIVED_FILE_DIR)/Pods-Reaktor-iOS-checkManifestLockResult.txt",
			);
			runOnlyForDeploymentPostprocessing = 0;
			shellPath = /bin/sh;
			shellScript = "diff \"${PODS_PODFILE_DIR_PATH}/Podfile.lock\" \"${PODS_ROOT}/Manifest.lock\" > /dev/null\nif [ $? != 0 ] ; then\n    # print error to STDERR\n    echo \"error: The sandbox is not in sync with the Podfile.lock. Run 'pod install' or update your CocoaPods installation.\" >&2\n    exit 1\nfi\n# This output is used by Xcode 'outputs' to avoid re-running this script phase.\necho \"SUCCESS\" > \"${SCRIPT_OUTPUT_FILE_0}\"\n";
			showEnvVarsInLog = 0;
		};
		A07B363AC9EE55E208BC94B8 /* [CP] Check Pods Manifest.lock */ = {
			isa = PBXShellScriptBuildPhase;
			buildActionMask = 2147483647;
			files = (
			);
			inputPaths = (
				"${PODS_PODFILE_DIR_PATH}/Podfile.lock",
				"${PODS_ROOT}/Manifest.lock",
			);
			name = "[CP] Check Pods Manifest.lock";
			outputPaths = (
				"$(DERIVED_FILE_DIR)/Pods-Reaktor-iOSTests-checkManifestLockResult.txt",
			);
			runOnlyForDeploymentPostprocessing = 0;
			shellPath = /bin/sh;
			shellScript = "diff \"${PODS_PODFILE_DIR_PATH}/Podfile.lock\" \"${PODS_ROOT}/Manifest.lock\" > /dev/null\nif [ $? != 0 ] ; then\n    # print error to STDERR\n    echo \"error: The sandbox is not in sync with the Podfile.lock. Run 'pod install' or update your CocoaPods installation.\" >&2\n    exit 1\nfi\n# This output is used by Xcode 'outputs' to avoid re-running this script phase.\necho \"SUCCESS\" > \"${SCRIPT_OUTPUT_FILE_0}\"\n";
			showEnvVarsInLog = 0;
		};
		A66B049A7718DE26DBCC32B0 /* [CP] Embed Pods Frameworks */ = {
			isa = PBXShellScriptBuildPhase;
			buildActionMask = 2147483647;
			files = (
			);
			inputPaths = (
				"${SRCROOT}/Pods/Target Support Files/Pods-Reaktor-iOSTests/Pods-Reaktor-iOSTests-frameworks.sh",
				"${BUILT_PRODUCTS_DIR}/Delayed-iOS/Delayed.framework",
			);
			name = "[CP] Embed Pods Frameworks";
			outputPaths = (
				"${TARGET_BUILD_DIR}/${FRAMEWORKS_FOLDER_PATH}/Delayed.framework",
			);
			runOnlyForDeploymentPostprocessing = 0;
			shellPath = /bin/sh;
			shellScript = "\"${SRCROOT}/Pods/Target Support Files/Pods-Reaktor-iOSTests/Pods-Reaktor-iOSTests-frameworks.sh\"\n";
			showEnvVarsInLog = 0;
		};
		BD8690990F7F5B28CC9DC5C6 /* [CP] Embed Pods Frameworks */ = {
			isa = PBXShellScriptBuildPhase;
			buildActionMask = 2147483647;
			files = (
			);
			inputPaths = (
				"${SRCROOT}/Pods/Target Support Files/Pods-Reaktor-tvOSTests/Pods-Reaktor-tvOSTests-frameworks.sh",
				"${BUILT_PRODUCTS_DIR}/Delayed-tvOS/Delayed.framework",
			);
			name = "[CP] Embed Pods Frameworks";
			outputPaths = (
				"${TARGET_BUILD_DIR}/${FRAMEWORKS_FOLDER_PATH}/Delayed.framework",
			);
			runOnlyForDeploymentPostprocessing = 0;
			shellPath = /bin/sh;
			shellScript = "\"${SRCROOT}/Pods/Target Support Files/Pods-Reaktor-tvOSTests/Pods-Reaktor-tvOSTests-frameworks.sh\"\n";
			showEnvVarsInLog = 0;
		};
		DA77D50E09326149BD2B2021 /* [CP] Check Pods Manifest.lock */ = {
			isa = PBXShellScriptBuildPhase;
			buildActionMask = 2147483647;
			files = (
			);
			inputPaths = (
				"${PODS_PODFILE_DIR_PATH}/Podfile.lock",
				"${PODS_ROOT}/Manifest.lock",
			);
			name = "[CP] Check Pods Manifest.lock";
			outputPaths = (
				"$(DERIVED_FILE_DIR)/Pods-Reaktor-macOSTests-checkManifestLockResult.txt",
			);
			runOnlyForDeploymentPostprocessing = 0;
			shellPath = /bin/sh;
			shellScript = "diff \"${PODS_PODFILE_DIR_PATH}/Podfile.lock\" \"${PODS_ROOT}/Manifest.lock\" > /dev/null\nif [ $? != 0 ] ; then\n    # print error to STDERR\n    echo \"error: The sandbox is not in sync with the Podfile.lock. Run 'pod install' or update your CocoaPods installation.\" >&2\n    exit 1\nfi\n# This output is used by Xcode 'outputs' to avoid re-running this script phase.\necho \"SUCCESS\" > \"${SCRIPT_OUTPUT_FILE_0}\"\n";
			showEnvVarsInLog = 0;
		};
		E834F6778C22D9DCFBDA1ACE /* [CP] Check Pods Manifest.lock */ = {
			isa = PBXShellScriptBuildPhase;
			buildActionMask = 2147483647;
			files = (
			);
			inputPaths = (
				"${PODS_PODFILE_DIR_PATH}/Podfile.lock",
				"${PODS_ROOT}/Manifest.lock",
			);
			name = "[CP] Check Pods Manifest.lock";
			outputPaths = (
				"$(DERIVED_FILE_DIR)/Pods-Reaktor-tvOS-checkManifestLockResult.txt",
			);
			runOnlyForDeploymentPostprocessing = 0;
			shellPath = /bin/sh;
			shellScript = "diff \"${PODS_PODFILE_DIR_PATH}/Podfile.lock\" \"${PODS_ROOT}/Manifest.lock\" > /dev/null\nif [ $? != 0 ] ; then\n    # print error to STDERR\n    echo \"error: The sandbox is not in sync with the Podfile.lock. Run 'pod install' or update your CocoaPods installation.\" >&2\n    exit 1\nfi\n# This output is used by Xcode 'outputs' to avoid re-running this script phase.\necho \"SUCCESS\" > \"${SCRIPT_OUTPUT_FILE_0}\"\n";
			showEnvVarsInLog = 0;
		};
		ECA1BB1DF14B40C6C2AAA2DE /* [CP] Check Pods Manifest.lock */ = {
			isa = PBXShellScriptBuildPhase;
			buildActionMask = 2147483647;
			files = (
			);
			inputPaths = (
				"${PODS_PODFILE_DIR_PATH}/Podfile.lock",
				"${PODS_ROOT}/Manifest.lock",
			);
			name = "[CP] Check Pods Manifest.lock";
			outputPaths = (
				"$(DERIVED_FILE_DIR)/Pods-Reaktor-macOS-checkManifestLockResult.txt",
			);
			runOnlyForDeploymentPostprocessing = 0;
			shellPath = /bin/sh;
			shellScript = "diff \"${PODS_PODFILE_DIR_PATH}/Podfile.lock\" \"${PODS_ROOT}/Manifest.lock\" > /dev/null\nif [ $? != 0 ] ; then\n    # print error to STDERR\n    echo \"error: The sandbox is not in sync with the Podfile.lock. Run 'pod install' or update your CocoaPods installation.\" >&2\n    exit 1\nfi\n# This output is used by Xcode 'outputs' to avoid re-running this script phase.\necho \"SUCCESS\" > \"${SCRIPT_OUTPUT_FILE_0}\"\n";
			showEnvVarsInLog = 0;
		};
/* End PBXShellScriptBuildPhase section */

/* Begin PBXSourcesBuildPhase section */
		26A82A582146D783008C8009 /* Sources */ = {
			isa = PBXSourcesBuildPhase;
			buildActionMask = 2147483647;
			files = (
				26D8F80D21473A92002F7B4F /* FluxNSObjects.swift in Sources */,
				26D8F7CB21473A92002F7B4F /* FluxChain.swift in Sources */,
				26D8F7D721473A92002F7B4F /* Fluxor.swift in Sources */,
				26D8F7BF21473A92002F7B4F /* FluxChange.swift in Sources */,
				26D8F81321473A92002F7B4F /* FluxRef.swift in Sources */,
				26D8F7F521473A92002F7B4F /* FluxLock.swift in Sources */,
				26D8F7D121473A92002F7B4F /* FluxManager.swift in Sources */,
				26D8F7DD21473A92002F7B4F /* FluxState.swift in Sources */,
				26D8F85221474454002F7B4F /* FluxSerializer.swift in Sources */,
				26D8F7FB21473A92002F7B4F /* FluxPublic.swift in Sources */,
				26D8F7EF21473A92002F7B4F /* FluxDispatcher.swift in Sources */,
				26D8F7E321473A92002F7B4F /* FluxArchiver.swift in Sources */,
				26D8F7E921473A92002F7B4F /* FluxStore.swift in Sources */,
				26D8F80121473A92002F7B4F /* FluxHelpers.swift in Sources */,
				26D8F80721473A92002F7B4F /* FluxDictionary.swift in Sources */,
				26D8F7C521473A92002F7B4F /* FluxReaction.swift in Sources */,
			);
			runOnlyForDeploymentPostprocessing = 0;
		};
		26A82A612146D783008C8009 /* Sources */ = {
			isa = PBXSourcesBuildPhase;
			buildActionMask = 2147483647;
			files = (
				26D8F7E421473A92002F7B4F /* FluxArchiver.swift in Sources */,
				26D8F80221473A92002F7B4F /* FluxHelpers.swift in Sources */,
				26D8F7F021473A92002F7B4F /* FluxDispatcher.swift in Sources */,
				26D8F7D821473A92002F7B4F /* Fluxor.swift in Sources */,
				26D8F83021473A9D002F7B4F /* DictionaryTests.swift in Sources */,
				26D8F84B21473A9D002F7B4F /* TestOwner.swift in Sources */,
				26D8F81421473A92002F7B4F /* FluxRef.swift in Sources */,
				26D8F7DE21473A92002F7B4F /* FluxState.swift in Sources */,
				26D8F7CC21473A92002F7B4F /* FluxChain.swift in Sources */,
				26D8F83921473A9D002F7B4F /* FluxTests.swift in Sources */,
				26D8F84521473A9D002F7B4F /* TestStore.swift in Sources */,
				26D8F80821473A92002F7B4F /* FluxDictionary.swift in Sources */,
				26D8F7F621473A92002F7B4F /* FluxLock.swift in Sources */,
				26D8F83C21473A9D002F7B4F /* ChainTests.swift in Sources */,
				26D8F85321474454002F7B4F /* FluxSerializer.swift in Sources */,
				26D8F80E21473A92002F7B4F /* FluxNSObjects.swift in Sources */,
				26D8F82D21473A9D002F7B4F /* SerializationTests.swift in Sources */,
				26D8F7EA21473A92002F7B4F /* FluxStore.swift in Sources */,
				26D8F84221473A9D002F7B4F /* LockTests.swift in Sources */,
				26D8F84E21473A9D002F7B4F /* SetupTests.swift in Sources */,
				26D8F7D221473A92002F7B4F /* FluxManager.swift in Sources */,
				26D8F83F21473A9D002F7B4F /* NestingTests.swift in Sources */,
				26D8F7C021473A92002F7B4F /* FluxChange.swift in Sources */,
				26D8F83321473A9D002F7B4F /* KronTests.swift in Sources */,
				26D8F83621473A9D002F7B4F /* ArchivingTests.swift in Sources */,
				26D8F7FC21473A92002F7B4F /* FluxPublic.swift in Sources */,
				26D8F84821473A9D002F7B4F /* Stores.swift in Sources */,
				26D8F7C621473A92002F7B4F /* FluxReaction.swift in Sources */,
				26A82A6B2146D783008C8009 /* Reaktor_iOSTests.swift in Sources */,
				26D8F82A21473A9D002F7B4F /* ReducerTests.swift in Sources */,
			);
			runOnlyForDeploymentPostprocessing = 0;
		};
		26A82A902146D7A7008C8009 /* Sources */ = {
			isa = PBXSourcesBuildPhase;
			buildActionMask = 2147483647;
			files = (
				26D8F80F21473A92002F7B4F /* FluxNSObjects.swift in Sources */,
				26D8F7CD21473A92002F7B4F /* FluxChain.swift in Sources */,
				26D8F7D921473A92002F7B4F /* Fluxor.swift in Sources */,
				26D8F7C121473A92002F7B4F /* FluxChange.swift in Sources */,
				26D8F81521473A92002F7B4F /* FluxRef.swift in Sources */,
				26D8F7F721473A92002F7B4F /* FluxLock.swift in Sources */,
				26D8F7D321473A92002F7B4F /* FluxManager.swift in Sources */,
				26D8F7DF21473A92002F7B4F /* FluxState.swift in Sources */,
				26D8F85421474454002F7B4F /* FluxSerializer.swift in Sources */,
				26D8F7FD21473A92002F7B4F /* FluxPublic.swift in Sources */,
				26D8F7F121473A92002F7B4F /* FluxDispatcher.swift in Sources */,
				26D8F7E521473A92002F7B4F /* FluxArchiver.swift in Sources */,
				26D8F7EB21473A92002F7B4F /* FluxStore.swift in Sources */,
				26D8F80321473A92002F7B4F /* FluxHelpers.swift in Sources */,
				26D8F80921473A92002F7B4F /* FluxDictionary.swift in Sources */,
				26D8F7C721473A92002F7B4F /* FluxReaction.swift in Sources */,
			);
			runOnlyForDeploymentPostprocessing = 0;
		};
		26A82A992146D7A8008C8009 /* Sources */ = {
			isa = PBXSourcesBuildPhase;
			buildActionMask = 2147483647;
			files = (
				26D8F7E621473A92002F7B4F /* FluxArchiver.swift in Sources */,
				26D8F80421473A92002F7B4F /* FluxHelpers.swift in Sources */,
				26D8F7F221473A92002F7B4F /* FluxDispatcher.swift in Sources */,
				26D8F7DA21473A92002F7B4F /* Fluxor.swift in Sources */,
				26D8F83121473A9D002F7B4F /* DictionaryTests.swift in Sources */,
				26D8F84C21473A9D002F7B4F /* TestOwner.swift in Sources */,
				26D8F81621473A92002F7B4F /* FluxRef.swift in Sources */,
				26D8F7E021473A92002F7B4F /* FluxState.swift in Sources */,
				26D8F7CE21473A92002F7B4F /* FluxChain.swift in Sources */,
				26D8F83A21473A9D002F7B4F /* FluxTests.swift in Sources */,
				26D8F84621473A9D002F7B4F /* TestStore.swift in Sources */,
				26D8F80A21473A92002F7B4F /* FluxDictionary.swift in Sources */,
				26D8F7F821473A92002F7B4F /* FluxLock.swift in Sources */,
				26D8F83D21473A9D002F7B4F /* ChainTests.swift in Sources */,
				26D8F85521474454002F7B4F /* FluxSerializer.swift in Sources */,
				26D8F81021473A92002F7B4F /* FluxNSObjects.swift in Sources */,
				26D8F82E21473A9D002F7B4F /* SerializationTests.swift in Sources */,
				26D8F7EC21473A92002F7B4F /* FluxStore.swift in Sources */,
				26D8F84321473A9D002F7B4F /* LockTests.swift in Sources */,
				26D8F84F21473A9D002F7B4F /* SetupTests.swift in Sources */,
				26D8F7D421473A92002F7B4F /* FluxManager.swift in Sources */,
				26D8F84021473A9D002F7B4F /* NestingTests.swift in Sources */,
				26D8F7C221473A92002F7B4F /* FluxChange.swift in Sources */,
				26D8F83421473A9D002F7B4F /* KronTests.swift in Sources */,
				26D8F83721473A9D002F7B4F /* ArchivingTests.swift in Sources */,
				26D8F7FE21473A92002F7B4F /* FluxPublic.swift in Sources */,
				26D8F84921473A9D002F7B4F /* Stores.swift in Sources */,
				26D8F7C821473A92002F7B4F /* FluxReaction.swift in Sources */,
				26A82AA32146D7A8008C8009 /* Reaktor_macOSTests.swift in Sources */,
				26D8F82B21473A9D002F7B4F /* ReducerTests.swift in Sources */,
			);
			runOnlyForDeploymentPostprocessing = 0;
		};
		26A82AAC2146D7B2008C8009 /* Sources */ = {
			isa = PBXSourcesBuildPhase;
			buildActionMask = 2147483647;
			files = (
				26D8F81121473A92002F7B4F /* FluxNSObjects.swift in Sources */,
				26D8F7CF21473A92002F7B4F /* FluxChain.swift in Sources */,
				26D8F7DB21473A92002F7B4F /* Fluxor.swift in Sources */,
				26D8F7C321473A92002F7B4F /* FluxChange.swift in Sources */,
				26D8F81721473A92002F7B4F /* FluxRef.swift in Sources */,
				26D8F7F921473A92002F7B4F /* FluxLock.swift in Sources */,
				26D8F7D521473A92002F7B4F /* FluxManager.swift in Sources */,
				26D8F7E121473A92002F7B4F /* FluxState.swift in Sources */,
				26D8F85621474454002F7B4F /* FluxSerializer.swift in Sources */,
				26D8F7FF21473A92002F7B4F /* FluxPublic.swift in Sources */,
				26D8F7F321473A92002F7B4F /* FluxDispatcher.swift in Sources */,
				26D8F7E721473A92002F7B4F /* FluxArchiver.swift in Sources */,
				26D8F7ED21473A92002F7B4F /* FluxStore.swift in Sources */,
				26D8F80521473A92002F7B4F /* FluxHelpers.swift in Sources */,
				26D8F80B21473A92002F7B4F /* FluxDictionary.swift in Sources */,
				26D8F7C921473A92002F7B4F /* FluxReaction.swift in Sources */,
			);
			runOnlyForDeploymentPostprocessing = 0;
		};
		26A82AB52146D7B2008C8009 /* Sources */ = {
			isa = PBXSourcesBuildPhase;
			buildActionMask = 2147483647;
			files = (
				26D8F7E821473A92002F7B4F /* FluxArchiver.swift in Sources */,
				26D8F80621473A92002F7B4F /* FluxHelpers.swift in Sources */,
				26D8F7F421473A92002F7B4F /* FluxDispatcher.swift in Sources */,
				26D8F7DC21473A92002F7B4F /* Fluxor.swift in Sources */,
				26D8F83221473A9D002F7B4F /* DictionaryTests.swift in Sources */,
				26D8F84D21473A9D002F7B4F /* TestOwner.swift in Sources */,
				26D8F81821473A92002F7B4F /* FluxRef.swift in Sources */,
				26D8F7E221473A92002F7B4F /* FluxState.swift in Sources */,
				26D8F7D021473A92002F7B4F /* FluxChain.swift in Sources */,
				26D8F83B21473A9D002F7B4F /* FluxTests.swift in Sources */,
				26D8F84721473A9D002F7B4F /* TestStore.swift in Sources */,
				26D8F80C21473A92002F7B4F /* FluxDictionary.swift in Sources */,
				26D8F7FA21473A92002F7B4F /* FluxLock.swift in Sources */,
				26D8F83E21473A9D002F7B4F /* ChainTests.swift in Sources */,
				26D8F85721474454002F7B4F /* FluxSerializer.swift in Sources */,
				26D8F81221473A92002F7B4F /* FluxNSObjects.swift in Sources */,
				26D8F82F21473A9D002F7B4F /* SerializationTests.swift in Sources */,
				26D8F7EE21473A92002F7B4F /* FluxStore.swift in Sources */,
				26D8F84421473A9D002F7B4F /* LockTests.swift in Sources */,
				26D8F85021473A9D002F7B4F /* SetupTests.swift in Sources */,
				26D8F7D621473A92002F7B4F /* FluxManager.swift in Sources */,
				26D8F84121473A9D002F7B4F /* NestingTests.swift in Sources */,
				26D8F7C421473A92002F7B4F /* FluxChange.swift in Sources */,
				26D8F83521473A9D002F7B4F /* KronTests.swift in Sources */,
				26D8F83821473A9D002F7B4F /* ArchivingTests.swift in Sources */,
				26D8F80021473A92002F7B4F /* FluxPublic.swift in Sources */,
				26D8F84A21473A9D002F7B4F /* Stores.swift in Sources */,
				26D8F7CA21473A92002F7B4F /* FluxReaction.swift in Sources */,
				26A82ABF2146D7B2008C8009 /* Reaktor_tvOSTests.swift in Sources */,
				26D8F82C21473A9D002F7B4F /* ReducerTests.swift in Sources */,
			);
			runOnlyForDeploymentPostprocessing = 0;
		};
/* End PBXSourcesBuildPhase section */

/* Begin PBXTargetDependency section */
		26A82A682146D783008C8009 /* PBXTargetDependency */ = {
			isa = PBXTargetDependency;
			target = 26A82A5C2146D783008C8009 /* Reaktor-iOS */;
			targetProxy = 26A82A672146D783008C8009 /* PBXContainerItemProxy */;
		};
		26A82AA02146D7A8008C8009 /* PBXTargetDependency */ = {
			isa = PBXTargetDependency;
			target = 26A82A942146D7A7008C8009 /* Reaktor-macOS */;
			targetProxy = 26A82A9F2146D7A8008C8009 /* PBXContainerItemProxy */;
		};
		26A82ABC2146D7B2008C8009 /* PBXTargetDependency */ = {
			isa = PBXTargetDependency;
			target = 26A82AB02146D7B2008C8009 /* Reaktor-tvOS */;
			targetProxy = 26A82ABB2146D7B2008C8009 /* PBXContainerItemProxy */;
		};
/* End PBXTargetDependency section */

/* Begin XCBuildConfiguration section */
		26A82A502146D769008C8009 /* Debug */ = {
			isa = XCBuildConfiguration;
			buildSettings = {
				ALWAYS_SEARCH_USER_PATHS = NO;
				CLANG_ANALYZER_NONNULL = YES;
				CLANG_ANALYZER_NUMBER_OBJECT_CONVERSION = YES_AGGRESSIVE;
				CLANG_CXX_LANGUAGE_STANDARD = "gnu++14";
				CLANG_CXX_LIBRARY = "libc++";
				CLANG_ENABLE_MODULES = YES;
				CLANG_ENABLE_OBJC_ARC = YES;
				CLANG_ENABLE_OBJC_WEAK = YES;
				CLANG_WARN_BLOCK_CAPTURE_AUTORELEASING = YES;
				CLANG_WARN_BOOL_CONVERSION = YES;
				CLANG_WARN_COMMA = YES;
				CLANG_WARN_CONSTANT_CONVERSION = YES;
				CLANG_WARN_DEPRECATED_OBJC_IMPLEMENTATIONS = YES;
				CLANG_WARN_DIRECT_OBJC_ISA_USAGE = YES_ERROR;
				CLANG_WARN_DOCUMENTATION_COMMENTS = YES;
				CLANG_WARN_EMPTY_BODY = YES;
				CLANG_WARN_ENUM_CONVERSION = YES;
				CLANG_WARN_INFINITE_RECURSION = YES;
				CLANG_WARN_INT_CONVERSION = YES;
				CLANG_WARN_NON_LITERAL_NULL_CONVERSION = YES;
				CLANG_WARN_OBJC_IMPLICIT_RETAIN_SELF = YES;
				CLANG_WARN_OBJC_LITERAL_CONVERSION = YES;
				CLANG_WARN_OBJC_ROOT_CLASS = YES_ERROR;
				CLANG_WARN_RANGE_LOOP_ANALYSIS = YES;
				CLANG_WARN_STRICT_PROTOTYPES = YES;
				CLANG_WARN_SUSPICIOUS_MOVE = YES;
				CLANG_WARN_UNGUARDED_AVAILABILITY = YES_AGGRESSIVE;
				CLANG_WARN_UNREACHABLE_CODE = YES;
				CLANG_WARN__DUPLICATE_METHOD_MATCH = YES;
				CODE_SIGN_IDENTITY = "iPhone Developer";
				COPY_PHASE_STRIP = NO;
				CURRENT_PROJECT_VERSION = 1;
				DEBUG_INFORMATION_FORMAT = dwarf;
				ENABLE_STRICT_OBJC_MSGSEND = YES;
				ENABLE_TESTABILITY = YES;
				GCC_C_LANGUAGE_STANDARD = gnu11;
				GCC_DYNAMIC_NO_PIC = NO;
				GCC_NO_COMMON_BLOCKS = YES;
				GCC_OPTIMIZATION_LEVEL = 0;
				GCC_PREPROCESSOR_DEFINITIONS = (
					"DEBUG=1",
					"$(inherited)",
				);
				GCC_WARN_64_TO_32_BIT_CONVERSION = YES;
				GCC_WARN_ABOUT_RETURN_TYPE = YES_ERROR;
				GCC_WARN_UNDECLARED_SELECTOR = YES;
				GCC_WARN_UNINITIALIZED_AUTOS = YES_AGGRESSIVE;
				GCC_WARN_UNUSED_FUNCTION = YES;
				GCC_WARN_UNUSED_VARIABLE = YES;
				IPHONEOS_DEPLOYMENT_TARGET = 11.4;
				MTL_ENABLE_DEBUG_INFO = YES;
				ONLY_ACTIVE_ARCH = YES;
				SDKROOT = iphoneos;
				SWIFT_ACTIVE_COMPILATION_CONDITIONS = DEBUG;
				SWIFT_OPTIMIZATION_LEVEL = "-Onone";
				VERSIONING_SYSTEM = "apple-generic";
				VERSION_INFO_PREFIX = "";
			};
			name = Debug;
		};
		26A82A512146D769008C8009 /* Release */ = {
			isa = XCBuildConfiguration;
			buildSettings = {
				ALWAYS_SEARCH_USER_PATHS = NO;
				CLANG_ANALYZER_NONNULL = YES;
				CLANG_ANALYZER_NUMBER_OBJECT_CONVERSION = YES_AGGRESSIVE;
				CLANG_CXX_LANGUAGE_STANDARD = "gnu++14";
				CLANG_CXX_LIBRARY = "libc++";
				CLANG_ENABLE_MODULES = YES;
				CLANG_ENABLE_OBJC_ARC = YES;
				CLANG_ENABLE_OBJC_WEAK = YES;
				CLANG_WARN_BLOCK_CAPTURE_AUTORELEASING = YES;
				CLANG_WARN_BOOL_CONVERSION = YES;
				CLANG_WARN_COMMA = YES;
				CLANG_WARN_CONSTANT_CONVERSION = YES;
				CLANG_WARN_DEPRECATED_OBJC_IMPLEMENTATIONS = YES;
				CLANG_WARN_DIRECT_OBJC_ISA_USAGE = YES_ERROR;
				CLANG_WARN_DOCUMENTATION_COMMENTS = YES;
				CLANG_WARN_EMPTY_BODY = YES;
				CLANG_WARN_ENUM_CONVERSION = YES;
				CLANG_WARN_INFINITE_RECURSION = YES;
				CLANG_WARN_INT_CONVERSION = YES;
				CLANG_WARN_NON_LITERAL_NULL_CONVERSION = YES;
				CLANG_WARN_OBJC_IMPLICIT_RETAIN_SELF = YES;
				CLANG_WARN_OBJC_LITERAL_CONVERSION = YES;
				CLANG_WARN_OBJC_ROOT_CLASS = YES_ERROR;
				CLANG_WARN_RANGE_LOOP_ANALYSIS = YES;
				CLANG_WARN_STRICT_PROTOTYPES = YES;
				CLANG_WARN_SUSPICIOUS_MOVE = YES;
				CLANG_WARN_UNGUARDED_AVAILABILITY = YES_AGGRESSIVE;
				CLANG_WARN_UNREACHABLE_CODE = YES;
				CLANG_WARN__DUPLICATE_METHOD_MATCH = YES;
				CODE_SIGN_IDENTITY = "iPhone Developer";
				COPY_PHASE_STRIP = NO;
				CURRENT_PROJECT_VERSION = 1;
				DEBUG_INFORMATION_FORMAT = "dwarf-with-dsym";
				ENABLE_NS_ASSERTIONS = NO;
				ENABLE_STRICT_OBJC_MSGSEND = YES;
				GCC_C_LANGUAGE_STANDARD = gnu11;
				GCC_NO_COMMON_BLOCKS = YES;
				GCC_WARN_64_TO_32_BIT_CONVERSION = YES;
				GCC_WARN_ABOUT_RETURN_TYPE = YES_ERROR;
				GCC_WARN_UNDECLARED_SELECTOR = YES;
				GCC_WARN_UNINITIALIZED_AUTOS = YES_AGGRESSIVE;
				GCC_WARN_UNUSED_FUNCTION = YES;
				GCC_WARN_UNUSED_VARIABLE = YES;
				IPHONEOS_DEPLOYMENT_TARGET = 11.4;
				MTL_ENABLE_DEBUG_INFO = NO;
				SDKROOT = iphoneos;
				SWIFT_COMPILATION_MODE = wholemodule;
				SWIFT_OPTIMIZATION_LEVEL = "-O";
				VALIDATE_PRODUCT = YES;
				VERSIONING_SYSTEM = "apple-generic";
				VERSION_INFO_PREFIX = "";
			};
			name = Release;
		};
		26A82A6F2146D783008C8009 /* Debug */ = {
			isa = XCBuildConfiguration;
			baseConfigurationReference = 9297C3098704CEE0C27B1C9D /* Pods-Reaktor-iOS.debug.xcconfig */;
			buildSettings = {
				CLANG_ENABLE_MODULES = YES;
				CODE_SIGN_IDENTITY = "";
				CODE_SIGN_STYLE = Automatic;
				DEFINES_MODULE = YES;
				DYLIB_COMPATIBILITY_VERSION = 1;
				DYLIB_CURRENT_VERSION = 1;
				DYLIB_INSTALL_NAME_BASE = "@rpath";
				INFOPLIST_FILE = "Reaktor-iOS/Info.plist";
				INSTALL_PATH = "$(LOCAL_LIBRARY_DIR)/Frameworks";
				IPHONEOS_DEPLOYMENT_TARGET = 10.0;
				LD_RUNPATH_SEARCH_PATHS = (
					"$(inherited)",
					"@executable_path/Frameworks",
					"@loader_path/Frameworks",
				);
				PRODUCT_BUNDLE_IDENTIFIER = "eonflux.Reaktor-iOS";
				PRODUCT_NAME = "$(TARGET_NAME:c99extidentifier)";
				SKIP_INSTALL = YES;
				SWIFT_OPTIMIZATION_LEVEL = "-Onone";
				SWIFT_VERSION = 4.0;
				TARGETED_DEVICE_FAMILY = "1,2";
			};
			name = Debug;
		};
		26A82A702146D783008C8009 /* Release */ = {
			isa = XCBuildConfiguration;
			baseConfigurationReference = F7C6A21D39F67D37934C6EA8 /* Pods-Reaktor-iOS.release.xcconfig */;
			buildSettings = {
				CLANG_ENABLE_MODULES = YES;
				CODE_SIGN_IDENTITY = "";
				CODE_SIGN_STYLE = Automatic;
				DEFINES_MODULE = YES;
				DYLIB_COMPATIBILITY_VERSION = 1;
				DYLIB_CURRENT_VERSION = 1;
				DYLIB_INSTALL_NAME_BASE = "@rpath";
				INFOPLIST_FILE = "Reaktor-iOS/Info.plist";
				INSTALL_PATH = "$(LOCAL_LIBRARY_DIR)/Frameworks";
				IPHONEOS_DEPLOYMENT_TARGET = 10.0;
				LD_RUNPATH_SEARCH_PATHS = (
					"$(inherited)",
					"@executable_path/Frameworks",
					"@loader_path/Frameworks",
				);
				PRODUCT_BUNDLE_IDENTIFIER = "eonflux.Reaktor-iOS";
				PRODUCT_NAME = "$(TARGET_NAME:c99extidentifier)";
				SKIP_INSTALL = YES;
				SWIFT_VERSION = 4.0;
				TARGETED_DEVICE_FAMILY = "1,2";
			};
			name = Release;
		};
		26A82A722146D783008C8009 /* Debug */ = {
			isa = XCBuildConfiguration;
			baseConfigurationReference = 0C274EFCF73179B943CD3EA2 /* Pods-Reaktor-iOSTests.debug.xcconfig */;
			buildSettings = {
				ALWAYS_EMBED_SWIFT_STANDARD_LIBRARIES = YES;
				CODE_SIGN_STYLE = Automatic;
				INFOPLIST_FILE = "Reaktor-iOSTests/Info.plist";
				LD_RUNPATH_SEARCH_PATHS = (
					"$(inherited)",
					"@executable_path/Frameworks",
					"@loader_path/Frameworks",
				);
				PRODUCT_BUNDLE_IDENTIFIER = "eonflux.Reaktor-iOSTests";
				PRODUCT_NAME = "$(TARGET_NAME)";
				SWIFT_VERSION = 4.0;
				TARGETED_DEVICE_FAMILY = "1,2";
			};
			name = Debug;
		};
		26A82A732146D783008C8009 /* Release */ = {
			isa = XCBuildConfiguration;
			baseConfigurationReference = 0A3CB9BE7C8696AC195D5C19 /* Pods-Reaktor-iOSTests.release.xcconfig */;
			buildSettings = {
				ALWAYS_EMBED_SWIFT_STANDARD_LIBRARIES = YES;
				CODE_SIGN_STYLE = Automatic;
				INFOPLIST_FILE = "Reaktor-iOSTests/Info.plist";
				LD_RUNPATH_SEARCH_PATHS = (
					"$(inherited)",
					"@executable_path/Frameworks",
					"@loader_path/Frameworks",
				);
				PRODUCT_BUNDLE_IDENTIFIER = "eonflux.Reaktor-iOSTests";
				PRODUCT_NAME = "$(TARGET_NAME)";
				SWIFT_VERSION = 4.0;
				TARGETED_DEVICE_FAMILY = "1,2";
			};
			name = Release;
		};
		26A82AA72146D7A8008C8009 /* Debug */ = {
			isa = XCBuildConfiguration;
			baseConfigurationReference = 38BFFFCD6F072157809E78A0 /* Pods-Reaktor-macOS.debug.xcconfig */;
			buildSettings = {
				CLANG_ENABLE_MODULES = YES;
				CODE_SIGN_IDENTITY = "-";
				CODE_SIGN_STYLE = Automatic;
				COMBINE_HIDPI_IMAGES = YES;
				DEFINES_MODULE = YES;
				DYLIB_COMPATIBILITY_VERSION = 1;
				DYLIB_CURRENT_VERSION = 1;
				DYLIB_INSTALL_NAME_BASE = "@rpath";
				FRAMEWORK_VERSION = A;
				INFOPLIST_FILE = "Reaktor-macOS/Info.plist";
				INSTALL_PATH = "$(LOCAL_LIBRARY_DIR)/Frameworks";
				LD_RUNPATH_SEARCH_PATHS = (
					"$(inherited)",
					"@executable_path/../Frameworks",
					"@loader_path/Frameworks",
				);
				MACOSX_DEPLOYMENT_TARGET = 10.13;
				PRODUCT_BUNDLE_IDENTIFIER = "eonflux.Reaktor-macOS";
				PRODUCT_NAME = "$(TARGET_NAME:c99extidentifier)";
				SDKROOT = macosx;
				SKIP_INSTALL = YES;
				SWIFT_OPTIMIZATION_LEVEL = "-Onone";
				SWIFT_VERSION = 4.0;
			};
			name = Debug;
		};
		26A82AA82146D7A8008C8009 /* Release */ = {
			isa = XCBuildConfiguration;
			baseConfigurationReference = D2B76A4269F0ECBB16EBD1E6 /* Pods-Reaktor-macOS.release.xcconfig */;
			buildSettings = {
				CLANG_ENABLE_MODULES = YES;
				CODE_SIGN_IDENTITY = "-";
				CODE_SIGN_STYLE = Automatic;
				COMBINE_HIDPI_IMAGES = YES;
				DEFINES_MODULE = YES;
				DYLIB_COMPATIBILITY_VERSION = 1;
				DYLIB_CURRENT_VERSION = 1;
				DYLIB_INSTALL_NAME_BASE = "@rpath";
				FRAMEWORK_VERSION = A;
				INFOPLIST_FILE = "Reaktor-macOS/Info.plist";
				INSTALL_PATH = "$(LOCAL_LIBRARY_DIR)/Frameworks";
				LD_RUNPATH_SEARCH_PATHS = (
					"$(inherited)",
					"@executable_path/../Frameworks",
					"@loader_path/Frameworks",
				);
				MACOSX_DEPLOYMENT_TARGET = 10.13;
				PRODUCT_BUNDLE_IDENTIFIER = "eonflux.Reaktor-macOS";
				PRODUCT_NAME = "$(TARGET_NAME:c99extidentifier)";
				SDKROOT = macosx;
				SKIP_INSTALL = YES;
				SWIFT_VERSION = 4.0;
			};
			name = Release;
		};
		26A82AAA2146D7A8008C8009 /* Debug */ = {
			isa = XCBuildConfiguration;
			baseConfigurationReference = 598EF4CC90CDF51D436D038E /* Pods-Reaktor-macOSTests.debug.xcconfig */;
			buildSettings = {
				ALWAYS_EMBED_SWIFT_STANDARD_LIBRARIES = YES;
				CODE_SIGN_IDENTITY = "-";
				CODE_SIGN_STYLE = Automatic;
				COMBINE_HIDPI_IMAGES = YES;
				INFOPLIST_FILE = "Reaktor-macOSTests/Info.plist";
				LD_RUNPATH_SEARCH_PATHS = (
					"$(inherited)",
					"@executable_path/../Frameworks",
					"@loader_path/../Frameworks",
				);
				MACOSX_DEPLOYMENT_TARGET = 10.13;
				PRODUCT_BUNDLE_IDENTIFIER = "eonflux.Reaktor-macOSTests";
				PRODUCT_NAME = "$(TARGET_NAME)";
				SDKROOT = macosx;
				SWIFT_VERSION = 4.0;
			};
			name = Debug;
		};
		26A82AAB2146D7A8008C8009 /* Release */ = {
			isa = XCBuildConfiguration;
			baseConfigurationReference = DDC2E24140CF7BF6DB0B0D18 /* Pods-Reaktor-macOSTests.release.xcconfig */;
			buildSettings = {
				ALWAYS_EMBED_SWIFT_STANDARD_LIBRARIES = YES;
				CODE_SIGN_IDENTITY = "-";
				CODE_SIGN_STYLE = Automatic;
				COMBINE_HIDPI_IMAGES = YES;
				INFOPLIST_FILE = "Reaktor-macOSTests/Info.plist";
				LD_RUNPATH_SEARCH_PATHS = (
					"$(inherited)",
					"@executable_path/../Frameworks",
					"@loader_path/../Frameworks",
				);
				MACOSX_DEPLOYMENT_TARGET = 10.13;
				PRODUCT_BUNDLE_IDENTIFIER = "eonflux.Reaktor-macOSTests";
				PRODUCT_NAME = "$(TARGET_NAME)";
				SDKROOT = macosx;
				SWIFT_VERSION = 4.0;
			};
			name = Release;
		};
		26A82AC32146D7B2008C8009 /* Debug */ = {
			isa = XCBuildConfiguration;
			baseConfigurationReference = FCF9744D8DBAC7DD369275C1 /* Pods-Reaktor-tvOS.debug.xcconfig */;
			buildSettings = {
				CLANG_ENABLE_MODULES = YES;
				CODE_SIGN_IDENTITY = "";
				CODE_SIGN_STYLE = Automatic;
				DEFINES_MODULE = YES;
				DYLIB_COMPATIBILITY_VERSION = 1;
				DYLIB_CURRENT_VERSION = 1;
				DYLIB_INSTALL_NAME_BASE = "@rpath";
				INFOPLIST_FILE = "Reaktor-tvOS/Info.plist";
				INSTALL_PATH = "$(LOCAL_LIBRARY_DIR)/Frameworks";
				LD_RUNPATH_SEARCH_PATHS = (
					"$(inherited)",
					"@executable_path/Frameworks",
					"@loader_path/Frameworks",
				);
				PRODUCT_BUNDLE_IDENTIFIER = "eonflux.Reaktor-tvOS";
				PRODUCT_NAME = "$(TARGET_NAME:c99extidentifier)";
				SDKROOT = appletvos;
				SKIP_INSTALL = YES;
				SWIFT_OPTIMIZATION_LEVEL = "-Onone";
				SWIFT_VERSION = 4.0;
				TARGETED_DEVICE_FAMILY = 3;
				TVOS_DEPLOYMENT_TARGET = 11.4;
			};
			name = Debug;
		};
		26A82AC42146D7B2008C8009 /* Release */ = {
			isa = XCBuildConfiguration;
			baseConfigurationReference = 4DD0926C55169B753178E95C /* Pods-Reaktor-tvOS.release.xcconfig */;
			buildSettings = {
				CLANG_ENABLE_MODULES = YES;
				CODE_SIGN_IDENTITY = "";
				CODE_SIGN_STYLE = Automatic;
				DEFINES_MODULE = YES;
				DYLIB_COMPATIBILITY_VERSION = 1;
				DYLIB_CURRENT_VERSION = 1;
				DYLIB_INSTALL_NAME_BASE = "@rpath";
				INFOPLIST_FILE = "Reaktor-tvOS/Info.plist";
				INSTALL_PATH = "$(LOCAL_LIBRARY_DIR)/Frameworks";
				LD_RUNPATH_SEARCH_PATHS = (
					"$(inherited)",
					"@executable_path/Frameworks",
					"@loader_path/Frameworks",
				);
				PRODUCT_BUNDLE_IDENTIFIER = "eonflux.Reaktor-tvOS";
				PRODUCT_NAME = "$(TARGET_NAME:c99extidentifier)";
				SDKROOT = appletvos;
				SKIP_INSTALL = YES;
				SWIFT_VERSION = 4.0;
				TARGETED_DEVICE_FAMILY = 3;
				TVOS_DEPLOYMENT_TARGET = 11.4;
			};
			name = Release;
		};
		26A82AC62146D7B2008C8009 /* Debug */ = {
			isa = XCBuildConfiguration;
			baseConfigurationReference = AF87E8EAD968BFA031274355 /* Pods-Reaktor-tvOSTests.debug.xcconfig */;
			buildSettings = {
				ALWAYS_EMBED_SWIFT_STANDARD_LIBRARIES = YES;
				CODE_SIGN_STYLE = Automatic;
				INFOPLIST_FILE = "Reaktor-tvOSTests/Info.plist";
				LD_RUNPATH_SEARCH_PATHS = (
					"$(inherited)",
					"@executable_path/Frameworks",
					"@loader_path/Frameworks",
				);
				PRODUCT_BUNDLE_IDENTIFIER = "eonflux.Reaktor-tvOSTests";
				PRODUCT_NAME = "$(TARGET_NAME)";
				SDKROOT = appletvos;
				SWIFT_VERSION = 4.0;
				TARGETED_DEVICE_FAMILY = 3;
				TVOS_DEPLOYMENT_TARGET = 11.4;
			};
			name = Debug;
		};
		26A82AC72146D7B2008C8009 /* Release */ = {
			isa = XCBuildConfiguration;
			baseConfigurationReference = BAE25DF2041FE9D584D9F979 /* Pods-Reaktor-tvOSTests.release.xcconfig */;
			buildSettings = {
				ALWAYS_EMBED_SWIFT_STANDARD_LIBRARIES = YES;
				CODE_SIGN_STYLE = Automatic;
				INFOPLIST_FILE = "Reaktor-tvOSTests/Info.plist";
				LD_RUNPATH_SEARCH_PATHS = (
					"$(inherited)",
					"@executable_path/Frameworks",
					"@loader_path/Frameworks",
				);
				PRODUCT_BUNDLE_IDENTIFIER = "eonflux.Reaktor-tvOSTests";
				PRODUCT_NAME = "$(TARGET_NAME)";
				SDKROOT = appletvos;
				SWIFT_VERSION = 4.0;
				TARGETED_DEVICE_FAMILY = 3;
				TVOS_DEPLOYMENT_TARGET = 11.4;
			};
			name = Release;
		};
/* End XCBuildConfiguration section */

/* Begin XCConfigurationList section */
		26A82A382146D769008C8009 /* Build configuration list for PBXProject "Reaktor" */ = {
			isa = XCConfigurationList;
			buildConfigurations = (
				26A82A502146D769008C8009 /* Debug */,
				26A82A512146D769008C8009 /* Release */,
			);
			defaultConfigurationIsVisible = 0;
			defaultConfigurationName = Release;
		};
		26A82A6E2146D783008C8009 /* Build configuration list for PBXNativeTarget "Reaktor-iOS" */ = {
			isa = XCConfigurationList;
			buildConfigurations = (
				26A82A6F2146D783008C8009 /* Debug */,
				26A82A702146D783008C8009 /* Release */,
			);
			defaultConfigurationIsVisible = 0;
			defaultConfigurationName = Release;
		};
		26A82A712146D783008C8009 /* Build configuration list for PBXNativeTarget "Reaktor-iOSTests" */ = {
			isa = XCConfigurationList;
			buildConfigurations = (
				26A82A722146D783008C8009 /* Debug */,
				26A82A732146D783008C8009 /* Release */,
			);
			defaultConfigurationIsVisible = 0;
			defaultConfigurationName = Release;
		};
		26A82AA62146D7A8008C8009 /* Build configuration list for PBXNativeTarget "Reaktor-macOS" */ = {
			isa = XCConfigurationList;
			buildConfigurations = (
				26A82AA72146D7A8008C8009 /* Debug */,
				26A82AA82146D7A8008C8009 /* Release */,
			);
			defaultConfigurationIsVisible = 0;
			defaultConfigurationName = Release;
		};
		26A82AA92146D7A8008C8009 /* Build configuration list for PBXNativeTarget "Reaktor-macOSTests" */ = {
			isa = XCConfigurationList;
			buildConfigurations = (
				26A82AAA2146D7A8008C8009 /* Debug */,
				26A82AAB2146D7A8008C8009 /* Release */,
			);
			defaultConfigurationIsVisible = 0;
			defaultConfigurationName = Release;
		};
		26A82AC22146D7B2008C8009 /* Build configuration list for PBXNativeTarget "Reaktor-tvOS" */ = {
			isa = XCConfigurationList;
			buildConfigurations = (
				26A82AC32146D7B2008C8009 /* Debug */,
				26A82AC42146D7B2008C8009 /* Release */,
			);
			defaultConfigurationIsVisible = 0;
			defaultConfigurationName = Release;
		};
		26A82AC52146D7B2008C8009 /* Build configuration list for PBXNativeTarget "Reaktor-tvOSTests" */ = {
			isa = XCConfigurationList;
			buildConfigurations = (
				26A82AC62146D7B2008C8009 /* Debug */,
				26A82AC72146D7B2008C8009 /* Release */,
			);
			defaultConfigurationIsVisible = 0;
			defaultConfigurationName = Release;
		};
/* End XCConfigurationList section */
	};
	rootObject = 26A82A352146D769008C8009 /* Project object */;
}
