PODS:
  - Delayed (2.3.4)
  - Flask (0.0.21):
    - Delayed (> 2.2.2)

DEPENDENCIES:
  - Flask

SPEC REPOS:
  https://github.com/cocoapods/specs.git:
    - Delayed
    - Flask

SPEC CHECKSUMS:
  Delayed: ac2e1b56e9c8cd9c3d1e6de7b92fd09c20fc5270
  Flask: ada391869d149e58f1e33339e3e81b11186cb9c0

PODFILE CHECKSUM: 3f278ed9d446260742150724094d36df91437e1e

COCOAPODS: 1.5.3
