// !$*UTF8*$!
{
	archiveVersion = 1;
	classes = {
	};
	objectVersion = 50;
	objects = {

/* Begin PBXBuildFile section */
		2686CF802147660A0055F0B2 /* AppDelegate.swift in Sources */ = {isa = PBXBuildFile; fileRef = 2686CF7F2147660A0055F0B2 /* AppDelegate.swift */; };
		2686CF822147660A0055F0B2 /* ViewController.swift in Sources */ = {isa = PBXBuildFile; fileRef = 2686CF812147660A0055F0B2 /* ViewController.swift */; };
		2686CF852147660A0055F0B2 /* Main.storyboard in Resources */ = {isa = PBXBuildFile; fileRef = 2686CF832147660A0055F0B2 /* Main.storyboard */; };
		2686CF872147660A0055F0B2 /* Assets.xcassets in Resources */ = {isa = PBXBuildFile; fileRef = 2686CF862147660A0055F0B2 /* Assets.xcassets */; };
		2686CF8A2147660A0055F0B2 /* LaunchScreen.storyboard in Resources */ = {isa = PBXBuildFile; fileRef = 2686CF882147660A0055F0B2 /* LaunchScreen.storyboard */; };
		26972F01214B26C60082E0C7 /* ReducerTests.swift in Sources */ = {isa = PBXBuildFile; fileRef = 26972EEF214B26C60082E0C7 /* ReducerTests.swift */; };
		26972F02214B26C60082E0C7 /* BusNotifierTests.swift in Sources */ = {isa = PBXBuildFile; fileRef = 26972EF0214B26C60082E0C7 /* BusNotifierTests.swift */; };
		26972F03214B26C60082E0C7 /* SerializationTests.swift in Sources */ = {isa = PBXBuildFile; fileRef = 26972EF1214B26C60082E0C7 /* SerializationTests.swift */; };
		26972F04214B26C60082E0C7 /* DictionaryTests.swift in Sources */ = {isa = PBXBuildFile; fileRef = 26972EF2214B26C60082E0C7 /* DictionaryTests.swift */; };
		26972F05214B26C60082E0C7 /* FlaskApiTests.swift in Sources */ = {isa = PBXBuildFile; fileRef = 26972EF3214B26C60082E0C7 /* FlaskApiTests.swift */; };
		26972F06214B26C60082E0C7 /* KronTests.swift in Sources */ = {isa = PBXBuildFile; fileRef = 26972EF4214B26C60082E0C7 /* KronTests.swift */; };
		26972F07214B26C60082E0C7 /* ArchivingTests.swift in Sources */ = {isa = PBXBuildFile; fileRef = 26972EF5214B26C60082E0C7 /* ArchivingTests.swift */; };
		26972F08214B26C60082E0C7 /* SetupTests.swift in Sources */ = {isa = PBXBuildFile; fileRef = 26972EF6214B26C60082E0C7 /* SetupTests.swift */; };
		26972F09214B26C60082E0C7 /* FluxTests.swift in Sources */ = {isa = PBXBuildFile; fileRef = 26972EF8214B26C60082E0C7 /* FluxTests.swift */; };
		26972F0A214B26C60082E0C7 /* ChainTests.swift in Sources */ = {isa = PBXBuildFile; fileRef = 26972EF9214B26C60082E0C7 /* ChainTests.swift */; };
		26972F0B214B26C60082E0C7 /* NestingTests.swift in Sources */ = {isa = PBXBuildFile; fileRef = 26972EFA214B26C60082E0C7 /* NestingTests.swift */; };
		26972F0C214B26C60082E0C7 /* PauseTests.swift in Sources */ = {isa = PBXBuildFile; fileRef = 26972EFC214B26C60082E0C7 /* PauseTests.swift */; };
		26972F0D214B26C60082E0C7 /* Substances.swift in Sources */ = {isa = PBXBuildFile; fileRef = 26972EFE214B26C60082E0C7 /* Substances.swift */; };
		26972F0E214B26C60082E0C7 /* AppSubstance.swift in Sources */ = {isa = PBXBuildFile; fileRef = 26972EFF214B26C60082E0C7 /* AppSubstance.swift */; };
		26972F0F214B26C60082E0C7 /* TestOwner.swift in Sources */ = {isa = PBXBuildFile; fileRef = 26972F00214B26C60082E0C7 /* TestOwner.swift */; };
		7D263202DCBF7EEB9F70015A /* Pods_ReaktorSampleTests.framework in Frameworks */ = {isa = PBXBuildFile; fileRef = BE0233A53351A7DF501736FC /* Pods_ReaktorSampleTests.framework */; };
		C584B9D571C1EAA60D5BF25E /* Pods_ReaktorSample.framework in Frameworks */ = {isa = PBXBuildFile; fileRef = 949D6A4D1C315053C4A3194B /* Pods_ReaktorSample.framework */; };
/* End PBXBuildFile section */

/* Begin PBXContainerItemProxy section */
		2686CF912147660A0055F0B2 /* PBXContainerItemProxy */ = {
			isa = PBXContainerItemProxy;
			containerPortal = 2686CF742147660A0055F0B2 /* Project object */;
			proxyType = 1;
			remoteGlobalIDString = 2686CF7B2147660A0055F0B2;
			remoteInfo = ReaktorSample;
		};
/* End PBXContainerItemProxy section */

/* Begin PBXCopyFilesBuildPhase section */
		2686CFF3214774100055F0B2 /* Embed Frameworks */ = {
			isa = PBXCopyFilesBuildPhase;
			buildActionMask = 2147483647;
			dstPath = "";
			dstSubfolderSpec = 10;
			files = (
			);
			name = "Embed Frameworks";
			runOnlyForDeploymentPostprocessing = 0;
		};
/* End PBXCopyFilesBuildPhase section */

/* Begin PBXFileReference section */
		13CE2C90E37F46A41B2BA2F9 /* Pods-ReaktorSampleTests.release.xcconfig */ = {isa = PBXFileReference; includeInIndex = 1; lastKnownFileType = text.xcconfig; name = "Pods-ReaktorSampleTests.release.xcconfig"; path = "Pods/Target Support Files/Pods-ReaktorSampleTests/Pods-ReaktorSampleTests.release.xcconfig"; sourceTree = "<group>"; };
		2686CF7C2147660A0055F0B2 /* ReaktorSample.app */ = {isa = PBXFileReference; explicitFileType = wrapper.application; includeInIndex = 0; path = ReaktorSample.app; sourceTree = BUILT_PRODUCTS_DIR; };
		2686CF7F2147660A0055F0B2 /* AppDelegate.swift */ = {isa = PBXFileReference; lastKnownFileType = sourcecode.swift; path = AppDelegate.swift; sourceTree = "<group>"; };
		2686CF812147660A0055F0B2 /* ViewController.swift */ = {isa = PBXFileReference; lastKnownFileType = sourcecode.swift; path = ViewController.swift; sourceTree = "<group>"; };
		2686CF842147660A0055F0B2 /* Base */ = {isa = PBXFileReference; lastKnownFileType = file.storyboard; name = Base; path = Base.lproj/Main.storyboard; sourceTree = "<group>"; };
		2686CF862147660A0055F0B2 /* Assets.xcassets */ = {isa = PBXFileReference; lastKnownFileType = folder.assetcatalog; path = Assets.xcassets; sourceTree = "<group>"; };
		2686CF892147660A0055F0B2 /* Base */ = {isa = PBXFileReference; lastKnownFileType = file.storyboard; name = Base; path = Base.lproj/LaunchScreen.storyboard; sourceTree = "<group>"; };
		2686CF8B2147660A0055F0B2 /* Info.plist */ = {isa = PBXFileReference; lastKnownFileType = text.plist.xml; path = Info.plist; sourceTree = "<group>"; };
		2686CF902147660A0055F0B2 /* ReaktorSampleTests.xctest */ = {isa = PBXFileReference; explicitFileType = wrapper.cfbundle; includeInIndex = 0; path = ReaktorSampleTests.xctest; sourceTree = BUILT_PRODUCTS_DIR; };
		2686CF962147660A0055F0B2 /* Info.plist */ = {isa = PBXFileReference; lastKnownFileType = text.plist.xml; path = Info.plist; sourceTree = "<group>"; };
		2686CFA0214766640055F0B2 /* Reaktor_iOS.framework */ = {isa = PBXFileReference; explicitFileType = wrapper.framework; path = Reaktor_iOS.framework; sourceTree = BUILT_PRODUCTS_DIR; };
		2686CFDE214767A20055F0B2 /* Reaktor_iOS.framework */ = {isa = PBXFileReference; explicitFileType = wrapper.framework; path = Reaktor_iOS.framework; sourceTree = BUILT_PRODUCTS_DIR; };
		2686CFE021476F060055F0B2 /* Delayed.framework */ = {isa = PBXFileReference; explicitFileType = wrapper.framework; path = Delayed.framework; sourceTree = BUILT_PRODUCTS_DIR; };
		2686CFE221476F110055F0B2 /* Delayed.framework */ = {isa = PBXFileReference; explicitFileType = wrapper.framework; path = Delayed.framework; sourceTree = BUILT_PRODUCTS_DIR; };
		2686CFE421476F7A0055F0B2 /* Pods_Reaktor_iOS.framework */ = {isa = PBXFileReference; explicitFileType = wrapper.framework; path = Pods_Reaktor_iOS.framework; sourceTree = BUILT_PRODUCTS_DIR; };
		26972EEF214B26C60082E0C7 /* ReducerTests.swift */ = {isa = PBXFileReference; fileEncoding = 4; lastKnownFileType = sourcecode.swift; path = ReducerTests.swift; sourceTree = "<group>"; };
		26972EF0214B26C60082E0C7 /* BusNotifierTests.swift */ = {isa = PBXFileReference; fileEncoding = 4; lastKnownFileType = sourcecode.swift; path = BusNotifierTests.swift; sourceTree = "<group>"; };
		26972EF1214B26C60082E0C7 /* SerializationTests.swift */ = {isa = PBXFileReference; fileEncoding = 4; lastKnownFileType = sourcecode.swift; path = SerializationTests.swift; sourceTree = "<group>"; };
		26972EF2214B26C60082E0C7 /* DictionaryTests.swift */ = {isa = PBXFileReference; fileEncoding = 4; lastKnownFileType = sourcecode.swift; path = DictionaryTests.swift; sourceTree = "<group>"; };
		26972EF3214B26C60082E0C7 /* FlaskApiTests.swift */ = {isa = PBXFileReference; fileEncoding = 4; lastKnownFileType = sourcecode.swift; path = FlaskApiTests.swift; sourceTree = "<group>"; };
		26972EF4214B26C60082E0C7 /* KronTests.swift */ = {isa = PBXFileReference; fileEncoding = 4; lastKnownFileType = sourcecode.swift; path = KronTests.swift; sourceTree = "<group>"; };
		26972EF5214B26C60082E0C7 /* ArchivingTests.swift */ = {isa = PBXFileReference; fileEncoding = 4; lastKnownFileType = sourcecode.swift; path = ArchivingTests.swift; sourceTree = "<group>"; };
		26972EF6214B26C60082E0C7 /* SetupTests.swift */ = {isa = PBXFileReference; fileEncoding = 4; lastKnownFileType = sourcecode.swift; path = SetupTests.swift; sourceTree = "<group>"; };
		26972EF8214B26C60082E0C7 /* FluxTests.swift */ = {isa = PBXFileReference; fileEncoding = 4; lastKnownFileType = sourcecode.swift; path = FluxTests.swift; sourceTree = "<group>"; };
		26972EF9214B26C60082E0C7 /* ChainTests.swift */ = {isa = PBXFileReference; fileEncoding = 4; lastKnownFileType = sourcecode.swift; path = ChainTests.swift; sourceTree = "<group>"; };
		26972EFA214B26C60082E0C7 /* NestingTests.swift */ = {isa = PBXFileReference; fileEncoding = 4; lastKnownFileType = sourcecode.swift; path = NestingTests.swift; sourceTree = "<group>"; };
		26972EFC214B26C60082E0C7 /* PauseTests.swift */ = {isa = PBXFileReference; fileEncoding = 4; lastKnownFileType = sourcecode.swift; path = PauseTests.swift; sourceTree = "<group>"; };
		26972EFE214B26C60082E0C7 /* Substances.swift */ = {isa = PBXFileReference; fileEncoding = 4; lastKnownFileType = sourcecode.swift; path = Substances.swift; sourceTree = "<group>"; };
		26972EFF214B26C60082E0C7 /* AppSubstance.swift */ = {isa = PBXFileReference; fileEncoding = 4; lastKnownFileType = sourcecode.swift; path = AppSubstance.swift; sourceTree = "<group>"; };
		26972F00214B26C60082E0C7 /* TestOwner.swift */ = {isa = PBXFileReference; fileEncoding = 4; lastKnownFileType = sourcecode.swift; path = TestOwner.swift; sourceTree = "<group>"; };
		38DE603CEFADC908A585E181 /* Pods-ReaktorSampleTests.debug.xcconfig */ = {isa = PBXFileReference; includeInIndex = 1; lastKnownFileType = text.xcconfig; name = "Pods-ReaktorSampleTests.debug.xcconfig"; path = "Pods/Target Support Files/Pods-ReaktorSampleTests/Pods-ReaktorSampleTests.debug.xcconfig"; sourceTree = "<group>"; };
		946D9DF95205F2608F3AFCAC /* Pods-ReaktorSample.debug.xcconfig */ = {isa = PBXFileReference; includeInIndex = 1; lastKnownFileType = text.xcconfig; name = "Pods-ReaktorSample.debug.xcconfig"; path = "Pods/Target Support Files/Pods-ReaktorSample/Pods-ReaktorSample.debug.xcconfig"; sourceTree = "<group>"; };
		949D6A4D1C315053C4A3194B /* Pods_ReaktorSample.framework */ = {isa = PBXFileReference; explicitFileType = wrapper.framework; includeInIndex = 0; path = Pods_ReaktorSample.framework; sourceTree = BUILT_PRODUCTS_DIR; };
		BE0233A53351A7DF501736FC /* Pods_ReaktorSampleTests.framework */ = {isa = PBXFileReference; explicitFileType = wrapper.framework; includeInIndex = 0; path = Pods_ReaktorSampleTests.framework; sourceTree = BUILT_PRODUCTS_DIR; };
		E7E78DF4C1F3621BFA865F4C /* Pods-ReaktorSample.release.xcconfig */ = {isa = PBXFileReference; includeInIndex = 1; lastKnownFileType = text.xcconfig; name = "Pods-ReaktorSample.release.xcconfig"; path = "Pods/Target Support Files/Pods-ReaktorSample/Pods-ReaktorSample.release.xcconfig"; sourceTree = "<group>"; };
/* End PBXFileReference section */

/* Begin PBXFrameworksBuildPhase section */
		2686CF792147660A0055F0B2 /* Frameworks */ = {
			isa = PBXFrameworksBuildPhase;
			buildActionMask = 2147483647;
			files = (
				C584B9D571C1EAA60D5BF25E /* Pods_ReaktorSample.framework in Frameworks */,
			);
			runOnlyForDeploymentPostprocessing = 0;
		};
		2686CF8D2147660A0055F0B2 /* Frameworks */ = {
			isa = PBXFrameworksBuildPhase;
			buildActionMask = 2147483647;
			files = (
				7D263202DCBF7EEB9F70015A /* Pods_ReaktorSampleTests.framework in Frameworks */,
			);
			runOnlyForDeploymentPostprocessing = 0;
		};
/* End PBXFrameworksBuildPhase section */

/* Begin PBXGroup section */
		2686CF732147660A0055F0B2 = {
			isa = PBXGroup;
			children = (
				2686CF7E2147660A0055F0B2 /* ReaktorSample */,
				2686CF932147660A0055F0B2 /* ReaktorSampleTests */,
				2686CF7D2147660A0055F0B2 /* Products */,
				2686CF9F214766640055F0B2 /* Frameworks */,
				DB648D87386D3E0DE773AC98 /* Pods */,
			);
			sourceTree = "<group>";
		};
		2686CF7D2147660A0055F0B2 /* Products */ = {
			isa = PBXGroup;
			children = (
				2686CF7C2147660A0055F0B2 /* ReaktorSample.app */,
				2686CF902147660A0055F0B2 /* ReaktorSampleTests.xctest */,
			);
			name = Products;
			sourceTree = "<group>";
		};
		2686CF7E2147660A0055F0B2 /* ReaktorSample */ = {
			isa = PBXGroup;
			children = (
				2686CF7F2147660A0055F0B2 /* AppDelegate.swift */,
				2686CF812147660A0055F0B2 /* ViewController.swift */,
				2686CF832147660A0055F0B2 /* Main.storyboard */,
				2686CF862147660A0055F0B2 /* Assets.xcassets */,
				2686CF882147660A0055F0B2 /* LaunchScreen.storyboard */,
				2686CF8B2147660A0055F0B2 /* Info.plist */,
			);
			path = ReaktorSample;
			sourceTree = "<group>";
		};
		2686CF932147660A0055F0B2 /* ReaktorSampleTests */ = {
			isa = PBXGroup;
			children = (
				26972EEE214B26C60082E0C7 /* DataFlowTests */,
				26972EF7214B26C60082E0C7 /* FluxTests */,
				26972EFB214B26C60082E0C7 /* PauseTests */,
				26972EFD214B26C60082E0C7 /* SampleClasses */,
				26972EF6214B26C60082E0C7 /* SetupTests.swift */,
				2686CF962147660A0055F0B2 /* Info.plist */,
			);
			path = ReaktorSampleTests;
			sourceTree = "<group>";
		};
		2686CF9F214766640055F0B2 /* Frameworks */ = {
			isa = PBXGroup;
			children = (
				2686CFE421476F7A0055F0B2 /* Pods_Reaktor_iOS.framework */,
				2686CFE221476F110055F0B2 /* Delayed.framework */,
				2686CFE021476F060055F0B2 /* Delayed.framework */,
				2686CFDE214767A20055F0B2 /* Reaktor_iOS.framework */,
				2686CFA0214766640055F0B2 /* Reaktor_iOS.framework */,
				949D6A4D1C315053C4A3194B /* Pods_ReaktorSample.framework */,
				BE0233A53351A7DF501736FC /* Pods_ReaktorSampleTests.framework */,
			);
			name = Frameworks;
			sourceTree = "<group>";
		};
		26972EEE214B26C60082E0C7 /* DataFlowTests */ = {
			isa = PBXGroup;
			children = (
				26972EEF214B26C60082E0C7 /* ReducerTests.swift */,
				26972EF0214B26C60082E0C7 /* BusNotifierTests.swift */,
				26972EF1214B26C60082E0C7 /* SerializationTests.swift */,
				26972EF2214B26C60082E0C7 /* DictionaryTests.swift */,
				26972EF3214B26C60082E0C7 /* FlaskApiTests.swift */,
				26972EF4214B26C60082E0C7 /* KronTests.swift */,
				26972EF5214B26C60082E0C7 /* ArchivingTests.swift */,
			);
			path = DataFlowTests;
			sourceTree = "<group>";
		};
		26972EF7214B26C60082E0C7 /* FluxTests */ = {
			isa = PBXGroup;
			children = (
				26972EF8214B26C60082E0C7 /* FluxTests.swift */,
				26972EF9214B26C60082E0C7 /* ChainTests.swift */,
				26972EFA214B26C60082E0C7 /* NestingTests.swift */,
			);
			path = FluxTests;
			sourceTree = "<group>";
		};
		26972EFB214B26C60082E0C7 /* PauseTests */ = {
			isa = PBXGroup;
			children = (
				26972EFC214B26C60082E0C7 /* PauseTests.swift */,
			);
			path = PauseTests;
			sourceTree = "<group>";
		};
		26972EFD214B26C60082E0C7 /* SampleClasses */ = {
			isa = PBXGroup;
			children = (
				26972EFE214B26C60082E0C7 /* Substances.swift */,
				26972EFF214B26C60082E0C7 /* AppSubstance.swift */,
				26972F00214B26C60082E0C7 /* TestOwner.swift */,
			);
			path = SampleClasses;
			sourceTree = "<group>";
		};
		DB648D87386D3E0DE773AC98 /* Pods */ = {
			isa = PBXGroup;
			children = (
				946D9DF95205F2608F3AFCAC /* Pods-ReaktorSample.debug.xcconfig */,
				E7E78DF4C1F3621BFA865F4C /* Pods-ReaktorSample.release.xcconfig */,
				38DE603CEFADC908A585E181 /* Pods-ReaktorSampleTests.debug.xcconfig */,
				13CE2C90E37F46A41B2BA2F9 /* Pods-ReaktorSampleTests.release.xcconfig */,
			);
			name = Pods;
			sourceTree = "<group>";
		};
/* End PBXGroup section */

/* Begin PBXNativeTarget section */
		2686CF7B2147660A0055F0B2 /* ReaktorSample */ = {
			isa = PBXNativeTarget;
			buildConfigurationList = 2686CF992147660A0055F0B2 /* Build configuration list for PBXNativeTarget "ReaktorSample" */;
			buildPhases = (
				C2D7A3BDDD20E47AD36E9311 /* [CP] Check Pods Manifest.lock */,
				2686CF782147660A0055F0B2 /* Sources */,
				2686CF792147660A0055F0B2 /* Frameworks */,
				2686CF7A2147660A0055F0B2 /* Resources */,
				2686CFF3214774100055F0B2 /* Embed Frameworks */,
				CA2101D4675CDC391AC87B16 /* [CP] Embed Pods Frameworks */,
			);
			buildRules = (
			);
			dependencies = (
			);
			name = ReaktorSample;
			productName = ReaktorSample;
			productReference = 2686CF7C2147660A0055F0B2 /* ReaktorSample.app */;
			productType = "com.apple.product-type.application";
		};
		2686CF8F2147660A0055F0B2 /* ReaktorSampleTests */ = {
			isa = PBXNativeTarget;
			buildConfigurationList = 2686CF9C2147660A0055F0B2 /* Build configuration list for PBXNativeTarget "ReaktorSampleTests" */;
			buildPhases = (
				2518DFB385F160E44BE3AE97 /* [CP] Check Pods Manifest.lock */,
				2686CF8C2147660A0055F0B2 /* Sources */,
				2686CF8D2147660A0055F0B2 /* Frameworks */,
				2686CF8E2147660A0055F0B2 /* Resources */,
				E0DEF49C63634863101F8CB7 /* [CP] Embed Pods Frameworks */,
			);
			buildRules = (
			);
			dependencies = (
				2686CF922147660A0055F0B2 /* PBXTargetDependency */,
			);
			name = ReaktorSampleTests;
			productName = ReaktorSampleTests;
			productReference = 2686CF902147660A0055F0B2 /* ReaktorSampleTests.xctest */;
			productType = "com.apple.product-type.bundle.unit-test";
		};
/* End PBXNativeTarget section */

/* Begin PBXProject section */
		2686CF742147660A0055F0B2 /* Project object */ = {
			isa = PBXProject;
			attributes = {
				LastSwiftUpdateCheck = 0940;
				LastUpgradeCheck = 0940;
				ORGANIZATIONNAME = eonflux;
				TargetAttributes = {
					2686CF7B2147660A0055F0B2 = {
						CreatedOnToolsVersion = 9.4.1;
					};
					2686CF8F2147660A0055F0B2 = {
						CreatedOnToolsVersion = 9.4.1;
						LastSwiftMigration = 0940;
						TestTargetID = 2686CF7B2147660A0055F0B2;
					};
				};
			};
			buildConfigurationList = 2686CF772147660A0055F0B2 /* Build configuration list for PBXProject "ReaktorSample" */;
			compatibilityVersion = "Xcode 9.3";
			developmentRegion = en;
			hasScannedForEncodings = 0;
			knownRegions = (
				en,
				Base,
			);
			mainGroup = 2686CF732147660A0055F0B2;
			productRefGroup = 2686CF7D2147660A0055F0B2 /* Products */;
			projectDirPath = "";
			projectRoot = "";
			targets = (
				2686CF7B2147660A0055F0B2 /* ReaktorSample */,
				2686CF8F2147660A0055F0B2 /* ReaktorSampleTests */,
			);
		};
/* End PBXProject section */

/* Begin PBXResourcesBuildPhase section */
		2686CF7A2147660A0055F0B2 /* Resources */ = {
			isa = PBXResourcesBuildPhase;
			buildActionMask = 2147483647;
			files = (
				2686CF8A2147660A0055F0B2 /* LaunchScreen.storyboard in Resources */,
				2686CF872147660A0055F0B2 /* Assets.xcassets in Resources */,
				2686CF852147660A0055F0B2 /* Main.storyboard in Resources */,
			);
			runOnlyForDeploymentPostprocessing = 0;
		};
		2686CF8E2147660A0055F0B2 /* Resources */ = {
			isa = PBXResourcesBuildPhase;
			buildActionMask = 2147483647;
			files = (
			);
			runOnlyForDeploymentPostprocessing = 0;
		};
/* End PBXResourcesBuildPhase section */

/* Begin PBXShellScriptBuildPhase section */
		2518DFB385F160E44BE3AE97 /* [CP] Check Pods Manifest.lock */ = {
			isa = PBXShellScriptBuildPhase;
			buildActionMask = 2147483647;
			files = (
			);
			inputPaths = (
				"${PODS_PODFILE_DIR_PATH}/Podfile.lock",
				"${PODS_ROOT}/Manifest.lock",
			);
			name = "[CP] Check Pods Manifest.lock";
			outputPaths = (
				"$(DERIVED_FILE_DIR)/Pods-ReaktorSampleTests-checkManifestLockResult.txt",
			);
			runOnlyForDeploymentPostprocessing = 0;
			shellPath = /bin/sh;
			shellScript = "diff \"${PODS_PODFILE_DIR_PATH}/Podfile.lock\" \"${PODS_ROOT}/Manifest.lock\" > /dev/null\nif [ $? != 0 ] ; then\n    # print error to STDERR\n    echo \"error: The sandbox is not in sync with the Podfile.lock. Run 'pod install' or update your CocoaPods installation.\" >&2\n    exit 1\nfi\n# This output is used by Xcode 'outputs' to avoid re-running this script phase.\necho \"SUCCESS\" > \"${SCRIPT_OUTPUT_FILE_0}\"\n";
			showEnvVarsInLog = 0;
		};
		C2D7A3BDDD20E47AD36E9311 /* [CP] Check Pods Manifest.lock */ = {
			isa = PBXShellScriptBuildPhase;
			buildActionMask = 2147483647;
			files = (
			);
			inputPaths = (
				"${PODS_PODFILE_DIR_PATH}/Podfile.lock",
				"${PODS_ROOT}/Manifest.lock",
			);
			name = "[CP] Check Pods Manifest.lock";
			outputPaths = (
				"$(DERIVED_FILE_DIR)/Pods-ReaktorSample-checkManifestLockResult.txt",
			);
			runOnlyForDeploymentPostprocessing = 0;
			shellPath = /bin/sh;
			shellScript = "diff \"${PODS_PODFILE_DIR_PATH}/Podfile.lock\" \"${PODS_ROOT}/Manifest.lock\" > /dev/null\nif [ $? != 0 ] ; then\n    # print error to STDERR\n    echo \"error: The sandbox is not in sync with the Podfile.lock. Run 'pod install' or update your CocoaPods installation.\" >&2\n    exit 1\nfi\n# This output is used by Xcode 'outputs' to avoid re-running this script phase.\necho \"SUCCESS\" > \"${SCRIPT_OUTPUT_FILE_0}\"\n";
			showEnvVarsInLog = 0;
		};
		CA2101D4675CDC391AC87B16 /* [CP] Embed Pods Frameworks */ = {
			isa = PBXShellScriptBuildPhase;
			buildActionMask = 2147483647;
			files = (
			);
			inputPaths = (
				"${SRCROOT}/Pods/Target Support Files/Pods-ReaktorSample/Pods-ReaktorSample-frameworks.sh",
				"${BUILT_PRODUCTS_DIR}/Delayed/Delayed.framework",
				"${BUILT_PRODUCTS_DIR}/Flask/Flask.framework",
			);
			name = "[CP] Embed Pods Frameworks";
			outputPaths = (
				"${TARGET_BUILD_DIR}/${FRAMEWORKS_FOLDER_PATH}/Delayed.framework",
				"${TARGET_BUILD_DIR}/${FRAMEWORKS_FOLDER_PATH}/Flask.framework",
			);
			runOnlyForDeploymentPostprocessing = 0;
			shellPath = /bin/sh;
			shellScript = "\"${SRCROOT}/Pods/Target Support Files/Pods-ReaktorSample/Pods-ReaktorSample-frameworks.sh\"\n";
			showEnvVarsInLog = 0;
		};
		E0DEF49C63634863101F8CB7 /* [CP] Embed Pods Frameworks */ = {
			isa = PBXShellScriptBuildPhase;
			buildActionMask = 2147483647;
			files = (
			);
			inputPaths = (
				"${SRCROOT}/Pods/Target Support Files/Pods-ReaktorSampleTests/Pods-ReaktorSampleTests-frameworks.sh",
				"${BUILT_PRODUCTS_DIR}/Delayed/Delayed.framework",
				"${BUILT_PRODUCTS_DIR}/Flask/Flask.framework",
			);
			name = "[CP] Embed Pods Frameworks";
			outputPaths = (
				"${TARGET_BUILD_DIR}/${FRAMEWORKS_FOLDER_PATH}/Delayed.framework",
				"${TARGET_BUILD_DIR}/${FRAMEWORKS_FOLDER_PATH}/Flask.framework",
			);
			runOnlyForDeploymentPostprocessing = 0;
			shellPath = /bin/sh;
			shellScript = "\"${SRCROOT}/Pods/Target Support Files/Pods-ReaktorSampleTests/Pods-ReaktorSampleTests-frameworks.sh\"\n";
			showEnvVarsInLog = 0;
		};
/* End PBXShellScriptBuildPhase section */

/* Begin PBXSourcesBuildPhase section */
		2686CF782147660A0055F0B2 /* Sources */ = {
			isa = PBXSourcesBuildPhase;
			buildActionMask = 2147483647;
			files = (
				2686CF822147660A0055F0B2 /* ViewController.swift in Sources */,
				2686CF802147660A0055F0B2 /* AppDelegate.swift in Sources */,
			);
			runOnlyForDeploymentPostprocessing = 0;
		};
		2686CF8C2147660A0055F0B2 /* Sources */ = {
			isa = PBXSourcesBuildPhase;
			buildActionMask = 2147483647;
			files = (
				26972F02214B26C60082E0C7 /* BusNotifierTests.swift in Sources */,
				26972F0B214B26C60082E0C7 /* NestingTests.swift in Sources */,
				26972F0D214B26C60082E0C7 /* Substances.swift in Sources */,
				26972F06214B26C60082E0C7 /* KronTests.swift in Sources */,
				26972F04214B26C60082E0C7 /* DictionaryTests.swift in Sources */,
				26972F0C214B26C60082E0C7 /* PauseTests.swift in Sources */,
				26972F05214B26C60082E0C7 /* FlaskApiTests.swift in Sources */,
				26972F09214B26C60082E0C7 /* FluxTests.swift in Sources */,
				26972F0E214B26C60082E0C7 /* AppSubstance.swift in Sources */,
				26972F0F214B26C60082E0C7 /* TestOwner.swift in Sources */,
				26972F03214B26C60082E0C7 /* SerializationTests.swift in Sources */,
				26972F01214B26C60082E0C7 /* ReducerTests.swift in Sources */,
				26972F07214B26C60082E0C7 /* ArchivingTests.swift in Sources */,
				26972F08214B26C60082E0C7 /* SetupTests.swift in Sources */,
				26972F0A214B26C60082E0C7 /* ChainTests.swift in Sources */,
			);
			runOnlyForDeploymentPostprocessing = 0;
		};
/* End PBXSourcesBuildPhase section */

/* Begin PBXTargetDependency section */
		2686CF922147660A0055F0B2 /* PBXTargetDependency */ = {
			isa = PBXTargetDependency;
			target = 2686CF7B2147660A0055F0B2 /* ReaktorSample */;
			targetProxy = 2686CF912147660A0055F0B2 /* PBXContainerItemProxy */;
		};
/* End PBXTargetDependency section */

/* Begin PBXVariantGroup section */
		2686CF832147660A0055F0B2 /* Main.storyboard */ = {
			isa = PBXVariantGroup;
			children = (
				2686CF842147660A0055F0B2 /* Base */,
			);
			name = Main.storyboard;
			sourceTree = "<group>";
		};
		2686CF882147660A0055F0B2 /* LaunchScreen.storyboard */ = {
			isa = PBXVariantGroup;
			children = (
				2686CF892147660A0055F0B2 /* Base */,
			);
			name = LaunchScreen.storyboard;
			sourceTree = "<group>";
		};
/* End PBXVariantGroup section */

/* Begin XCBuildConfiguration section */
		2686CF972147660A0055F0B2 /* Debug */ = {
			isa = XCBuildConfiguration;
			buildSettings = {
				ALWAYS_SEARCH_USER_PATHS = NO;
				CLANG_ANALYZER_NONNULL = YES;
				CLANG_ANALYZER_NUMBER_OBJECT_CONVERSION = YES_AGGRESSIVE;
				CLANG_CXX_LANGUAGE_STANDARD = "gnu++14";
				CLANG_CXX_LIBRARY = "libc++";
				CLANG_ENABLE_MODULES = YES;
				CLANG_ENABLE_OBJC_ARC = YES;
				CLANG_ENABLE_OBJC_WEAK = YES;
				CLANG_WARN_BLOCK_CAPTURE_AUTORELEASING = YES;
				CLANG_WARN_BOOL_CONVERSION = YES;
				CLANG_WARN_COMMA = YES;
				CLANG_WARN_CONSTANT_CONVERSION = YES;
				CLANG_WARN_DEPRECATED_OBJC_IMPLEMENTATIONS = YES;
				CLANG_WARN_DIRECT_OBJC_ISA_USAGE = YES_ERROR;
				CLANG_WARN_DOCUMENTATION_COMMENTS = YES;
				CLANG_WARN_EMPTY_BODY = YES;
				CLANG_WARN_ENUM_CONVERSION = YES;
				CLANG_WARN_INFINITE_RECURSION = YES;
				CLANG_WARN_INT_CONVERSION = YES;
				CLANG_WARN_NON_LITERAL_NULL_CONVERSION = YES;
				CLANG_WARN_OBJC_IMPLICIT_RETAIN_SELF = YES;
				CLANG_WARN_OBJC_LITERAL_CONVERSION = YES;
				CLANG_WARN_OBJC_ROOT_CLASS = YES_ERROR;
				CLANG_WARN_RANGE_LOOP_ANALYSIS = YES;
				CLANG_WARN_STRICT_PROTOTYPES = YES;
				CLANG_WARN_SUSPICIOUS_MOVE = YES;
				CLANG_WARN_UNGUARDED_AVAILABILITY = YES_AGGRESSIVE;
				CLANG_WARN_UNREACHABLE_CODE = YES;
				CLANG_WARN__DUPLICATE_METHOD_MATCH = YES;
				CODE_SIGN_IDENTITY = "iPhone Developer";
				COPY_PHASE_STRIP = NO;
				DEBUG_INFORMATION_FORMAT = dwarf;
				ENABLE_STRICT_OBJC_MSGSEND = YES;
				ENABLE_TESTABILITY = YES;
				GCC_C_LANGUAGE_STANDARD = gnu11;
				GCC_DYNAMIC_NO_PIC = NO;
				GCC_NO_COMMON_BLOCKS = YES;
				GCC_OPTIMIZATION_LEVEL = 0;
				GCC_PREPROCESSOR_DEFINITIONS = (
					"DEBUG=1",
					"$(inherited)",
				);
				GCC_WARN_64_TO_32_BIT_CONVERSION = YES;
				GCC_WARN_ABOUT_RETURN_TYPE = YES_ERROR;
				GCC_WARN_UNDECLARED_SELECTOR = YES;
				GCC_WARN_UNINITIALIZED_AUTOS = YES_AGGRESSIVE;
				GCC_WARN_UNUSED_FUNCTION = YES;
				GCC_WARN_UNUSED_VARIABLE = YES;
				IPHONEOS_DEPLOYMENT_TARGET = 11.4;
				MTL_ENABLE_DEBUG_INFO = YES;
				ONLY_ACTIVE_ARCH = YES;
				SDKROOT = iphoneos;
				SWIFT_ACTIVE_COMPILATION_CONDITIONS = DEBUG;
				SWIFT_OPTIMIZATION_LEVEL = "-Onone";
			};
			name = Debug;
		};
		2686CF982147660A0055F0B2 /* Release */ = {
			isa = XCBuildConfiguration;
			buildSettings = {
				ALWAYS_SEARCH_USER_PATHS = NO;
				CLANG_ANALYZER_NONNULL = YES;
				CLANG_ANALYZER_NUMBER_OBJECT_CONVERSION = YES_AGGRESSIVE;
				CLANG_CXX_LANGUAGE_STANDARD = "gnu++14";
				CLANG_CXX_LIBRARY = "libc++";
				CLANG_ENABLE_MODULES = YES;
				CLANG_ENABLE_OBJC_ARC = YES;
				CLANG_ENABLE_OBJC_WEAK = YES;
				CLANG_WARN_BLOCK_CAPTURE_AUTORELEASING = YES;
				CLANG_WARN_BOOL_CONVERSION = YES;
				CLANG_WARN_COMMA = YES;
				CLANG_WARN_CONSTANT_CONVERSION = YES;
				CLANG_WARN_DEPRECATED_OBJC_IMPLEMENTATIONS = YES;
				CLANG_WARN_DIRECT_OBJC_ISA_USAGE = YES_ERROR;
				CLANG_WARN_DOCUMENTATION_COMMENTS = YES;
				CLANG_WARN_EMPTY_BODY = YES;
				CLANG_WARN_ENUM_CONVERSION = YES;
				CLANG_WARN_INFINITE_RECURSION = YES;
				CLANG_WARN_INT_CONVERSION = YES;
				CLANG_WARN_NON_LITERAL_NULL_CONVERSION = YES;
				CLANG_WARN_OBJC_IMPLICIT_RETAIN_SELF = YES;
				CLANG_WARN_OBJC_LITERAL_CONVERSION = YES;
				CLANG_WARN_OBJC_ROOT_CLASS = YES_ERROR;
				CLANG_WARN_RANGE_LOOP_ANALYSIS = YES;
				CLANG_WARN_STRICT_PROTOTYPES = YES;
				CLANG_WARN_SUSPICIOUS_MOVE = YES;
				CLANG_WARN_UNGUARDED_AVAILABILITY = YES_AGGRESSIVE;
				CLANG_WARN_UNREACHABLE_CODE = YES;
				CLANG_WARN__DUPLICATE_METHOD_MATCH = YES;
				CODE_SIGN_IDENTITY = "iPhone Developer";
				COPY_PHASE_STRIP = NO;
				DEBUG_INFORMATION_FORMAT = "dwarf-with-dsym";
				ENABLE_NS_ASSERTIONS = NO;
				ENABLE_STRICT_OBJC_MSGSEND = YES;
				GCC_C_LANGUAGE_STANDARD = gnu11;
				GCC_NO_COMMON_BLOCKS = YES;
				GCC_WARN_64_TO_32_BIT_CONVERSION = YES;
				GCC_WARN_ABOUT_RETURN_TYPE = YES_ERROR;
				GCC_WARN_UNDECLARED_SELECTOR = YES;
				GCC_WARN_UNINITIALIZED_AUTOS = YES_AGGRESSIVE;
				GCC_WARN_UNUSED_FUNCTION = YES;
				GCC_WARN_UNUSED_VARIABLE = YES;
				IPHONEOS_DEPLOYMENT_TARGET = 11.4;
				MTL_ENABLE_DEBUG_INFO = NO;
				SDKROOT = iphoneos;
				SWIFT_COMPILATION_MODE = wholemodule;
				SWIFT_OPTIMIZATION_LEVEL = "-O";
				VALIDATE_PRODUCT = YES;
			};
			name = Release;
		};
		2686CF9A2147660A0055F0B2 /* Debug */ = {
			isa = XCBuildConfiguration;
			baseConfigurationReference = 946D9DF95205F2608F3AFCAC /* Pods-ReaktorSample.debug.xcconfig */;
			buildSettings = {
				ASSETCATALOG_COMPILER_APPICON_NAME = AppIcon;
				CODE_SIGN_STYLE = Automatic;
				INFOPLIST_FILE = ReaktorSample/Info.plist;
				LD_RUNPATH_SEARCH_PATHS = (
					"$(inherited)",
					"@executable_path/Frameworks",
				);
				PRODUCT_BUNDLE_IDENTIFIER = eonflux.ReaktorSample;
				PRODUCT_NAME = "$(TARGET_NAME)";
				SWIFT_VERSION = 4.0;
				TARGETED_DEVICE_FAMILY = "1,2";
			};
			name = Debug;
		};
		2686CF9B2147660A0055F0B2 /* Release */ = {
			isa = XCBuildConfiguration;
			baseConfigurationReference = E7E78DF4C1F3621BFA865F4C /* Pods-ReaktorSample.release.xcconfig */;
			buildSettings = {
				ASSETCATALOG_COMPILER_APPICON_NAME = AppIcon;
				CODE_SIGN_STYLE = Automatic;
				INFOPLIST_FILE = ReaktorSample/Info.plist;
				LD_RUNPATH_SEARCH_PATHS = (
					"$(inherited)",
					"@executable_path/Frameworks",
				);
				PRODUCT_BUNDLE_IDENTIFIER = eonflux.ReaktorSample;
				PRODUCT_NAME = "$(TARGET_NAME)";
				SWIFT_VERSION = 4.0;
				TARGETED_DEVICE_FAMILY = "1,2";
			};
			name = Release;
		};
		2686CF9D2147660A0055F0B2 /* Debug */ = {
			isa = XCBuildConfiguration;
			baseConfigurationReference = 38DE603CEFADC908A585E181 /* Pods-ReaktorSampleTests.debug.xcconfig */;
			buildSettings = {
				ALWAYS_EMBED_SWIFT_STANDARD_LIBRARIES = YES;
				BUNDLE_LOADER = "$(TEST_HOST)";
				CLANG_ENABLE_MODULES = YES;
				CODE_SIGN_STYLE = Automatic;
				INFOPLIST_FILE = ReaktorSampleTests/Info.plist;
				LD_RUNPATH_SEARCH_PATHS = (
					"$(inherited)",
					"@executable_path/Frameworks",
					"@loader_path/Frameworks",
				);
				PRODUCT_BUNDLE_IDENTIFIER = eonflux.ReaktorSampleTests;
				PRODUCT_NAME = "$(TARGET_NAME)";
				SWIFT_OPTIMIZATION_LEVEL = "-Onone";
				SWIFT_VERSION = 4.0;
				TARGETED_DEVICE_FAMILY = "1,2";
				TEST_HOST = "$(BUILT_PRODUCTS_DIR)/ReaktorSample.app/ReaktorSample";
			};
			name = Debug;
		};
		2686CF9E2147660A0055F0B2 /* Release */ = {
			isa = XCBuildConfiguration;
			baseConfigurationReference = 13CE2C90E37F46A41B2BA2F9 /* Pods-ReaktorSampleTests.release.xcconfig */;
			buildSettings = {
				ALWAYS_EMBED_SWIFT_STANDARD_LIBRARIES = YES;
				BUNDLE_LOADER = "$(TEST_HOST)";
				CLANG_ENABLE_MODULES = YES;
				CODE_SIGN_STYLE = Automatic;
				INFOPLIST_FILE = ReaktorSampleTests/Info.plist;
				LD_RUNPATH_SEARCH_PATHS = (
					"$(inherited)",
					"@executable_path/Frameworks",
					"@loader_path/Frameworks",
				);
				PRODUCT_BUNDLE_IDENTIFIER = eonflux.ReaktorSampleTests;
				PRODUCT_NAME = "$(TARGET_NAME)";
				SWIFT_VERSION = 4.0;
				TARGETED_DEVICE_FAMILY = "1,2";
				TEST_HOST = "$(BUILT_PRODUCTS_DIR)/ReaktorSample.app/ReaktorSample";
			};
			name = Release;
		};
/* End XCBuildConfiguration section */

/* Begin XCConfigurationList section */
		2686CF772147660A0055F0B2 /* Build configuration list for PBXProject "ReaktorSample" */ = {
			isa = XCConfigurationList;
			buildConfigurations = (
				2686CF972147660A0055F0B2 /* Debug */,
				2686CF982147660A0055F0B2 /* Release */,
			);
			defaultConfigurationIsVisible = 0;
			defaultConfigurationName = Release;
		};
		2686CF992147660A0055F0B2 /* Build configuration list for PBXNativeTarget "ReaktorSample" */ = {
			isa = XCConfigurationList;
			buildConfigurations = (
				2686CF9A2147660A0055F0B2 /* Debug */,
				2686CF9B2147660A0055F0B2 /* Release */,
			);
			defaultConfigurationIsVisible = 0;
			defaultConfigurationName = Release;
		};
		2686CF9C2147660A0055F0B2 /* Build configuration list for PBXNativeTarget "ReaktorSampleTests" */ = {
			isa = XCConfigurationList;
			buildConfigurations = (
				2686CF9D2147660A0055F0B2 /* Debug */,
				2686CF9E2147660A0055F0B2 /* Release */,
			);
			defaultConfigurationIsVisible = 0;
			defaultConfigurationName = Release;
		};
/* End XCConfigurationList section */
	};
	rootObject = 2686CF742147660A0055F0B2 /* Project object */;
}
